// !$*UTF8*$!
{
	archiveVersion = 1;
	classes = {
	};
	objectVersion = 50;
	objects = {

/* Begin PBXBuildFile section */
		7FD96E112173070800709701 /* main.swift in Sources */ = {isa = PBXBuildFile; fileRef = 7FD96E102173070800709701 /* main.swift */; };
		7FD96E18217308D600709701 /* Solution917.swift in Sources */ = {isa = PBXBuildFile; fileRef = 7FD96E17217308D600709701 /* Solution917.swift */; };
		7FD96E22217313C000709701 /* LeetCodeTest.swift in Sources */ = {isa = PBXBuildFile; fileRef = 7FD96E21217313C000709701 /* LeetCodeTest.swift */; };
		7FD96E292173142700709701 /* Solution917Test.swift in Sources */ = {isa = PBXBuildFile; fileRef = 7FD96E282173142700709701 /* Solution917Test.swift */; };
		7FD96E2A217314CA00709701 /* Solution917.swift in Sources */ = {isa = PBXBuildFile; fileRef = 7FD96E17217308D600709701 /* Solution917.swift */; };
		7FD96E2C217315D800709701 /* Solution345.swift in Sources */ = {isa = PBXBuildFile; fileRef = 7FD96E2B217315D800709701 /* Solution345.swift */; };
		7FD96E2E217316D900709701 /* Solution345Test.swift in Sources */ = {isa = PBXBuildFile; fileRef = 7FD96E2D217316D900709701 /* Solution345Test.swift */; };
		7FD96E2F217316F800709701 /* Solution345.swift in Sources */ = {isa = PBXBuildFile; fileRef = 7FD96E2B217315D800709701 /* Solution345.swift */; };
		7FD96E322174123700709701 /* Solution344.swift in Sources */ = {isa = PBXBuildFile; fileRef = 7FD96E312174123700709701 /* Solution344.swift */; };
		7FD96E342174134A00709701 /* Solution541.swift in Sources */ = {isa = PBXBuildFile; fileRef = 7FD96E332174134A00709701 /* Solution541.swift */; };
		7FD96E3621741FA200709701 /* Solution541Test.swift in Sources */ = {isa = PBXBuildFile; fileRef = 7FD96E3521741FA200709701 /* Solution541Test.swift */; };
		7FD96E3721741FE800709701 /* Solution541.swift in Sources */ = {isa = PBXBuildFile; fileRef = 7FD96E332174134A00709701 /* Solution541.swift */; };
		7FD96E3921742BC700709701 /* Solution557.swift in Sources */ = {isa = PBXBuildFile; fileRef = 7FD96E3821742BC700709701 /* Solution557.swift */; };
		7FD96E3B217455C200709701 /* Solution557Test.swift in Sources */ = {isa = PBXBuildFile; fileRef = 7FD96E3A217455C200709701 /* Solution557Test.swift */; };
		7FD96E3C217455DF00709701 /* Solution557.swift in Sources */ = {isa = PBXBuildFile; fileRef = 7FD96E3821742BC700709701 /* Solution557.swift */; };
/* End PBXBuildFile section */

/* Begin PBXCopyFilesBuildPhase section */
		7FD96E0B2173070800709701 /* CopyFiles */ = {
			isa = PBXCopyFilesBuildPhase;
			buildActionMask = 2147483647;
			dstPath = /usr/share/man/man1/;
			dstSubfolderSpec = 0;
			files = (
			);
			runOnlyForDeploymentPostprocessing = 1;
		};
/* End PBXCopyFilesBuildPhase section */

/* Begin PBXFileReference section */
		7FD96E0D2173070800709701 /* LeetCode */ = {isa = PBXFileReference; explicitFileType = "compiled.mach-o.executable"; includeInIndex = 0; path = LeetCode; sourceTree = BUILT_PRODUCTS_DIR; };
		7FD96E102173070800709701 /* main.swift */ = {isa = PBXFileReference; lastKnownFileType = sourcecode.swift; path = main.swift; sourceTree = "<group>"; };
		7FD96E17217308D600709701 /* Solution917.swift */ = {isa = PBXFileReference; lastKnownFileType = sourcecode.swift; path = Solution917.swift; sourceTree = "<group>"; };
		7FD96E1F217313C000709701 /* LeetCodeTest.xctest */ = {isa = PBXFileReference; explicitFileType = wrapper.cfbundle; includeInIndex = 0; path = LeetCodeTest.xctest; sourceTree = BUILT_PRODUCTS_DIR; };
		7FD96E21217313C000709701 /* LeetCodeTest.swift */ = {isa = PBXFileReference; lastKnownFileType = sourcecode.swift; path = LeetCodeTest.swift; sourceTree = "<group>"; };
		7FD96E23217313C000709701 /* Info.plist */ = {isa = PBXFileReference; lastKnownFileType = text.plist.xml; path = Info.plist; sourceTree = "<group>"; };
		7FD96E282173142700709701 /* Solution917Test.swift */ = {isa = PBXFileReference; lastKnownFileType = sourcecode.swift; name = Solution917Test.swift; path = UnitTest/Solution917Test.swift; sourceTree = "<group>"; };
		7FD96E2B217315D800709701 /* Solution345.swift */ = {isa = PBXFileReference; lastKnownFileType = sourcecode.swift; path = Solution345.swift; sourceTree = "<group>"; };
		7FD96E2D217316D900709701 /* Solution345Test.swift */ = {isa = PBXFileReference; lastKnownFileType = sourcecode.swift; name = Solution345Test.swift; path = UnitTest/Solution345Test.swift; sourceTree = "<group>"; };
		7FD96E312174123700709701 /* Solution344.swift */ = {isa = PBXFileReference; lastKnownFileType = sourcecode.swift; path = Solution344.swift; sourceTree = "<group>"; };
		7FD96E332174134A00709701 /* Solution541.swift */ = {isa = PBXFileReference; lastKnownFileType = sourcecode.swift; path = Solution541.swift; sourceTree = "<group>"; };
		7FD96E3521741FA200709701 /* Solution541Test.swift */ = {isa = PBXFileReference; lastKnownFileType = sourcecode.swift; name = Solution541Test.swift; path = UnitTest/Solution541Test.swift; sourceTree = "<group>"; };
		7FD96E3821742BC700709701 /* Solution557.swift */ = {isa = PBXFileReference; lastKnownFileType = sourcecode.swift; path = Solution557.swift; sourceTree = "<group>"; };
		7FD96E3A217455C200709701 /* Solution557Test.swift */ = {isa = PBXFileReference; lastKnownFileType = sourcecode.swift; name = Solution557Test.swift; path = UnitTest/Solution557Test.swift; sourceTree = "<group>"; };
/* End PBXFileReference section */

/* Begin PBXFrameworksBuildPhase section */
		7FD96E0A2173070800709701 /* Frameworks */ = {
			isa = PBXFrameworksBuildPhase;
			buildActionMask = 2147483647;
			files = (
			);
			runOnlyForDeploymentPostprocessing = 0;
		};
		7FD96E1C217313C000709701 /* Frameworks */ = {
			isa = PBXFrameworksBuildPhase;
			buildActionMask = 2147483647;
			files = (
			);
			runOnlyForDeploymentPostprocessing = 0;
		};
/* End PBXFrameworksBuildPhase section */

/* Begin PBXGroup section */
		7FD96E042173070800709701 = {
			isa = PBXGroup;
			children = (
				7FD96E0F2173070800709701 /* LeetCode */,
				7FD96E20217313C000709701 /* LeetCodeTest */,
				7FD96E0E2173070800709701 /* Products */,
			);
			sourceTree = "<group>";
		};
		7FD96E0E2173070800709701 /* Products */ = {
			isa = PBXGroup;
			children = (
				7FD96E0D2173070800709701 /* LeetCode */,
				7FD96E1F217313C000709701 /* LeetCodeTest.xctest */,
			);
			name = Products;
			sourceTree = "<group>";
		};
		7FD96E0F2173070800709701 /* LeetCode */ = {
			isa = PBXGroup;
			children = (
				7FD96E102173070800709701 /* main.swift */,
				7FD96E17217308D600709701 /* Solution917.swift */,
				7FD96E282173142700709701 /* Solution917Test.swift */,
				7FD96E2B217315D800709701 /* Solution345.swift */,
				7FD96E2D217316D900709701 /* Solution345Test.swift */,
				7FD96E312174123700709701 /* Solution344.swift */,
				7FD96E332174134A00709701 /* Solution541.swift */,
				7FD96E3521741FA200709701 /* Solution541Test.swift */,
				7FD96E3821742BC700709701 /* Solution557.swift */,
				7FD96E3A217455C200709701 /* Solution557Test.swift */,
			);
			path = LeetCode;
			sourceTree = "<group>";
		};
		7FD96E20217313C000709701 /* LeetCodeTest */ = {
			isa = PBXGroup;
			children = (
				7FD96E21217313C000709701 /* LeetCodeTest.swift */,
				7FD96E23217313C000709701 /* Info.plist */,
			);
			path = LeetCodeTest;
			sourceTree = "<group>";
		};
/* End PBXGroup section */

/* Begin PBXNativeTarget section */
		7FD96E0C2173070800709701 /* LeetCode */ = {
			isa = PBXNativeTarget;
			buildConfigurationList = 7FD96E142173070800709701 /* Build configuration list for PBXNativeTarget "LeetCode" */;
			buildPhases = (
				7FD96E092173070800709701 /* Sources */,
				7FD96E0A2173070800709701 /* Frameworks */,
				7FD96E0B2173070800709701 /* CopyFiles */,
			);
			buildRules = (
			);
			dependencies = (
			);
			name = LeetCode;
			productName = LeetCode;
			productReference = 7FD96E0D2173070800709701 /* LeetCode */;
			productType = "com.apple.product-type.tool";
		};
		7FD96E1E217313C000709701 /* LeetCodeTest */ = {
			isa = PBXNativeTarget;
			buildConfigurationList = 7FD96E24217313C000709701 /* Build configuration list for PBXNativeTarget "LeetCodeTest" */;
			buildPhases = (
				7FD96E1B217313C000709701 /* Sources */,
				7FD96E1C217313C000709701 /* Frameworks */,
				7FD96E1D217313C000709701 /* Resources */,
			);
			buildRules = (
			);
			dependencies = (
			);
			name = LeetCodeTest;
			productName = LeetCodeTest;
			productReference = 7FD96E1F217313C000709701 /* LeetCodeTest.xctest */;
			productType = "com.apple.product-type.bundle.unit-test";
		};
/* End PBXNativeTarget section */

/* Begin PBXProject section */
		7FD96E052173070800709701 /* Project object */ = {
			isa = PBXProject;
			attributes = {
				LastSwiftUpdateCheck = 1000;
				LastUpgradeCheck = 1000;
				ORGANIZATIONNAME = zuping;
				TargetAttributes = {
					7FD96E0C2173070800709701 = {
						CreatedOnToolsVersion = 10.0;
					};
					7FD96E1E217313C000709701 = {
						CreatedOnToolsVersion = 10.0;
					};
				};
			};
			buildConfigurationList = 7FD96E082173070800709701 /* Build configuration list for PBXProject "LeetCode" */;
			compatibilityVersion = "Xcode 9.3";
			developmentRegion = en;
			hasScannedForEncodings = 0;
			knownRegions = (
				en,
			);
			mainGroup = 7FD96E042173070800709701;
			productRefGroup = 7FD96E0E2173070800709701 /* Products */;
			projectDirPath = "";
			projectRoot = "";
			targets = (
				7FD96E0C2173070800709701 /* LeetCode */,
				7FD96E1E217313C000709701 /* LeetCodeTest */,
			);
		};
/* End PBXProject section */

/* Begin PBXResourcesBuildPhase section */
		7FD96E1D217313C000709701 /* Resources */ = {
			isa = PBXResourcesBuildPhase;
			buildActionMask = 2147483647;
			files = (
			);
			runOnlyForDeploymentPostprocessing = 0;
		};
/* End PBXResourcesBuildPhase section */

/* Begin PBXSourcesBuildPhase section */
		7FD96E092173070800709701 /* Sources */ = {
			isa = PBXSourcesBuildPhase;
			buildActionMask = 2147483647;
			files = (
				7FD96E3921742BC700709701 /* Solution557.swift in Sources */,
				7FD96E322174123700709701 /* Solution344.swift in Sources */,
				7FD96E18217308D600709701 /* Solution917.swift in Sources */,
				7FD96E112173070800709701 /* main.swift in Sources */,
				7FD96E342174134A00709701 /* Solution541.swift in Sources */,
				7FD96E2C217315D800709701 /* Solution345.swift in Sources */,
			);
			runOnlyForDeploymentPostprocessing = 0;
		};
		7FD96E1B217313C000709701 /* Sources */ = {
			isa = PBXSourcesBuildPhase;
			buildActionMask = 2147483647;
			files = (
				7FD96E3C217455DF00709701 /* Solution557.swift in Sources */,
				7FD96E2A217314CA00709701 /* Solution917.swift in Sources */,
				7FD96E3621741FA200709701 /* Solution541Test.swift in Sources */,
				7FD96E2E217316D900709701 /* Solution345Test.swift in Sources */,
				7FD96E292173142700709701 /* Solution917Test.swift in Sources */,
				7FD96E2F217316F800709701 /* Solution345.swift in Sources */,
				7FD96E3721741FE800709701 /* Solution541.swift in Sources */,
				7FD96E3B217455C200709701 /* Solution557Test.swift in Sources */,
				7FD96E22217313C000709701 /* LeetCodeTest.swift in Sources */,
			);
			runOnlyForDeploymentPostprocessing = 0;
		};
/* End PBXSourcesBuildPhase section */

/* Begin XCBuildConfiguration section */
		7FD96E122173070800709701 /* Debug */ = {
			isa = XCBuildConfiguration;
			buildSettings = {
				ALWAYS_SEARCH_USER_PATHS = NO;
				CLANG_ANALYZER_NONNULL = YES;
				CLANG_ANALYZER_NUMBER_OBJECT_CONVERSION = YES_AGGRESSIVE;
				CLANG_CXX_LANGUAGE_STANDARD = "gnu++14";
				CLANG_CXX_LIBRARY = "libc++";
				CLANG_ENABLE_MODULES = YES;
				CLANG_ENABLE_OBJC_ARC = YES;
				CLANG_ENABLE_OBJC_WEAK = YES;
				CLANG_WARN_BLOCK_CAPTURE_AUTORELEASING = YES;
				CLANG_WARN_BOOL_CONVERSION = YES;
				CLANG_WARN_COMMA = YES;
				CLANG_WARN_CONSTANT_CONVERSION = YES;
				CLANG_WARN_DEPRECATED_OBJC_IMPLEMENTATIONS = YES;
				CLANG_WARN_DIRECT_OBJC_ISA_USAGE = YES_ERROR;
				CLANG_WARN_DOCUMENTATION_COMMENTS = YES;
				CLANG_WARN_EMPTY_BODY = YES;
				CLANG_WARN_ENUM_CONVERSION = YES;
				CLANG_WARN_INFINITE_RECURSION = YES;
				CLANG_WARN_INT_CONVERSION = YES;
				CLANG_WARN_NON_LITERAL_NULL_CONVERSION = YES;
				CLANG_WARN_OBJC_IMPLICIT_RETAIN_SELF = YES;
				CLANG_WARN_OBJC_LITERAL_CONVERSION = YES;
				CLANG_WARN_OBJC_ROOT_CLASS = YES_ERROR;
				CLANG_WARN_RANGE_LOOP_ANALYSIS = YES;
				CLANG_WARN_STRICT_PROTOTYPES = YES;
				CLANG_WARN_SUSPICIOUS_MOVE = YES;
				CLANG_WARN_UNGUARDED_AVAILABILITY = YES_AGGRESSIVE;
				CLANG_WARN_UNREACHABLE_CODE = YES;
				CLANG_WARN__DUPLICATE_METHOD_MATCH = YES;
				CODE_SIGN_IDENTITY = "-";
				COPY_PHASE_STRIP = NO;
				DEBUG_INFORMATION_FORMAT = dwarf;
				ENABLE_STRICT_OBJC_MSGSEND = YES;
				ENABLE_TESTABILITY = YES;
				GCC_C_LANGUAGE_STANDARD = gnu11;
				GCC_DYNAMIC_NO_PIC = NO;
				GCC_NO_COMMON_BLOCKS = YES;
				GCC_OPTIMIZATION_LEVEL = 0;
				GCC_PREPROCESSOR_DEFINITIONS = (
					"DEBUG=1",
					"$(inherited)",
				);
				GCC_WARN_64_TO_32_BIT_CONVERSION = YES;
				GCC_WARN_ABOUT_RETURN_TYPE = YES_ERROR;
				GCC_WARN_UNDECLARED_SELECTOR = YES;
				GCC_WARN_UNINITIALIZED_AUTOS = YES_AGGRESSIVE;
				GCC_WARN_UNUSED_FUNCTION = YES;
				GCC_WARN_UNUSED_VARIABLE = YES;
				MACOSX_DEPLOYMENT_TARGET = 10.13;
				MTL_ENABLE_DEBUG_INFO = INCLUDE_SOURCE;
				MTL_FAST_MATH = YES;
				ONLY_ACTIVE_ARCH = YES;
				SDKROOT = macosx;
				SWIFT_ACTIVE_COMPILATION_CONDITIONS = DEBUG;
				SWIFT_OPTIMIZATION_LEVEL = "-Onone";
			};
			name = Debug;
		};
		7FD96E132173070800709701 /* Release */ = {
			isa = XCBuildConfiguration;
			buildSettings = {
				ALWAYS_SEARCH_USER_PATHS = NO;
				CLANG_ANALYZER_NONNULL = YES;
				CLANG_ANALYZER_NUMBER_OBJECT_CONVERSION = YES_AGGRESSIVE;
				CLANG_CXX_LANGUAGE_STANDARD = "gnu++14";
				CLANG_CXX_LIBRARY = "libc++";
				CLANG_ENABLE_MODULES = YES;
				CLANG_ENABLE_OBJC_ARC = YES;
				CLANG_ENABLE_OBJC_WEAK = YES;
				CLANG_WARN_BLOCK_CAPTURE_AUTORELEASING = YES;
				CLANG_WARN_BOOL_CONVERSION = YES;
				CLANG_WARN_COMMA = YES;
				CLANG_WARN_CONSTANT_CONVERSION = YES;
				CLANG_WARN_DEPRECATED_OBJC_IMPLEMENTATIONS = YES;
				CLANG_WARN_DIRECT_OBJC_ISA_USAGE = YES_ERROR;
				CLANG_WARN_DOCUMENTATION_COMMENTS = YES;
				CLANG_WARN_EMPTY_BODY = YES;
				CLANG_WARN_ENUM_CONVERSION = YES;
				CLANG_WARN_INFINITE_RECURSION = YES;
				CLANG_WARN_INT_CONVERSION = YES;
				CLANG_WARN_NON_LITERAL_NULL_CONVERSION = YES;
				CLANG_WARN_OBJC_IMPLICIT_RETAIN_SELF = YES;
				CLANG_WARN_OBJC_LITERAL_CONVERSION = YES;
				CLANG_WARN_OBJC_ROOT_CLASS = YES_ERROR;
				CLANG_WARN_RANGE_LOOP_ANALYSIS = YES;
				CLANG_WARN_STRICT_PROTOTYPES = YES;
				CLANG_WARN_SUSPICIOUS_MOVE = YES;
				CLANG_WARN_UNGUARDED_AVAILABILITY = YES_AGGRESSIVE;
				CLANG_WARN_UNREACHABLE_CODE = YES;
				CLANG_WARN__DUPLICATE_METHOD_MATCH = YES;
				CODE_SIGN_IDENTITY = "-";
				COPY_PHASE_STRIP = NO;
				DEBUG_INFORMATION_FORMAT = "dwarf-with-dsym";
				ENABLE_NS_ASSERTIONS = NO;
				ENABLE_STRICT_OBJC_MSGSEND = YES;
				GCC_C_LANGUAGE_STANDARD = gnu11;
				GCC_NO_COMMON_BLOCKS = YES;
				GCC_WARN_64_TO_32_BIT_CONVERSION = YES;
				GCC_WARN_ABOUT_RETURN_TYPE = YES_ERROR;
				GCC_WARN_UNDECLARED_SELECTOR = YES;
				GCC_WARN_UNINITIALIZED_AUTOS = YES_AGGRESSIVE;
				GCC_WARN_UNUSED_FUNCTION = YES;
				GCC_WARN_UNUSED_VARIABLE = YES;
				MACOSX_DEPLOYMENT_TARGET = 10.13;
				MTL_ENABLE_DEBUG_INFO = NO;
				MTL_FAST_MATH = YES;
				SDKROOT = macosx;
				SWIFT_COMPILATION_MODE = wholemodule;
				SWIFT_OPTIMIZATION_LEVEL = "-O";
			};
			name = Release;
		};
		7FD96E152173070800709701 /* Debug */ = {
			isa = XCBuildConfiguration;
			buildSettings = {
				CODE_SIGN_STYLE = Automatic;
				PRODUCT_NAME = "$(TARGET_NAME)";
				SWIFT_VERSION = 4.2;
			};
			name = Debug;
		};
		7FD96E162173070800709701 /* Release */ = {
			isa = XCBuildConfiguration;
			buildSettings = {
				CODE_SIGN_STYLE = Automatic;
				PRODUCT_NAME = "$(TARGET_NAME)";
				SWIFT_VERSION = 4.2;
			};
			name = Release;
		};
		7FD96E25217313C000709701 /* Debug */ = {
			isa = XCBuildConfiguration;
			buildSettings = {
				CODE_SIGN_STYLE = Automatic;
				COMBINE_HIDPI_IMAGES = YES;
				INFOPLIST_FILE = LeetCodeTest/Info.plist;
				LD_RUNPATH_SEARCH_PATHS = (
					"$(inherited)",
					"@executable_path/../Frameworks",
					"@loader_path/../Frameworks",
				);
				PRODUCT_BUNDLE_IDENTIFIER = Zenki.LeetCodeTest;
				PRODUCT_NAME = "$(TARGET_NAME)";
				SWIFT_VERSION = 4.2;
			};
			name = Debug;
		};
		7FD96E26217313C000709701 /* Release */ = {
			isa = XCBuildConfiguration;
			buildSettings = {
				CODE_SIGN_STYLE = Automatic;
				COMBINE_HIDPI_IMAGES = YES;
				INFOPLIST_FILE = LeetCodeTest/Info.plist;
				LD_RUNPATH_SEARCH_PATHS = (
					"$(inherited)",
					"@executable_path/../Frameworks",
					"@loader_path/../Frameworks",
				);
				PRODUCT_BUNDLE_IDENTIFIER = Zenki.LeetCodeTest;
				PRODUCT_NAME = "$(TARGET_NAME)";
				SWIFT_VERSION = 4.2;
			};
			name = Release;
		};
/* End XCBuildConfiguration section */

/* Begin XCConfigurationList section */
		7FD96E082173070800709701 /* Build configuration list for PBXProject "LeetCode" */ = {
			isa = XCConfigurationList;
			buildConfigurations = (
				7FD96E122173070800709701 /* Debug */,
				7FD96E132173070800709701 /* Release */,
			);
			defaultConfigurationIsVisible = 0;
			defaultConfigurationName = Release;
		};
		7FD96E142173070800709701 /* Build configuration list for PBXNativeTarget "LeetCode" */ = {
			isa = XCConfigurationList;
			buildConfigurations = (
				7FD96E152173070800709701 /* Debug */,
				7FD96E162173070800709701 /* Release */,
			);
			defaultConfigurationIsVisible = 0;
			defaultConfigurationName = Release;
		};
		7FD96E24217313C000709701 /* Build configuration list for PBXNativeTarget "LeetCodeTest" */ = {
			isa = XCConfigurationList;
			buildConfigurations = (
				7FD96E25217313C000709701 /* Debug */,
				7FD96E26217313C000709701 /* Release */,
			);
			defaultConfigurationIsVisible = 0;
			defaultConfigurationName = Release;
		};
/* End XCConfigurationList section */
	};
	rootObject = 7FD96E052173070800709701 /* Project object */;
}
