// !$*UTF8*$!
{
	archiveVersion = 1;
	classes = {
	};
	objectVersion = 50;
	objects = {

/* Begin PBXBuildFile section */
		7F6541B82176836900DB2813 /* Solution645.swift in Sources */ = {isa = PBXBuildFile; fileRef = 7F6541B72176836900DB2813 /* Solution645.swift */; };
		7F6541BA2176843A00DB2813 /* Solution645Test.swift in Sources */ = {isa = PBXBuildFile; fileRef = 7F6541B92176843A00DB2813 /* Solution645Test.swift */; };
		7F6541BB2176844400DB2813 /* Solution645.swift in Sources */ = {isa = PBXBuildFile; fileRef = 7F6541B72176836900DB2813 /* Solution645.swift */; };
		7F6541BD21768CF000DB2813 /* Solution299.swift in Sources */ = {isa = PBXBuildFile; fileRef = 7F6541BC21768CF000DB2813 /* Solution299.swift */; };
		7F6541BF2176906A00DB2813 /* Solution299Test.swift in Sources */ = {isa = PBXBuildFile; fileRef = 7F6541BE2176906A00DB2813 /* Solution299Test.swift */; };
		7F6541C02176907100DB2813 /* Solution299.swift in Sources */ = {isa = PBXBuildFile; fileRef = 7F6541BC21768CF000DB2813 /* Solution299.swift */; };
		7F6541C22176964A00DB2813 /* Solution739.swift in Sources */ = {isa = PBXBuildFile; fileRef = 7F6541C12176964A00DB2813 /* Solution739.swift */; };
		7F6541C42176971F00DB2813 /* Solution739Test.swift in Sources */ = {isa = PBXBuildFile; fileRef = 7F6541C32176971F00DB2813 /* Solution739Test.swift */; };
		7F6541C52176973700DB2813 /* Solution739.swift in Sources */ = {isa = PBXBuildFile; fileRef = 7F6541C12176964A00DB2813 /* Solution739.swift */; };
		7F6541C82177A59000DB2813 /* Solution46.swift in Sources */ = {isa = PBXBuildFile; fileRef = 7F6541C72177A59000DB2813 /* Solution46.swift */; };
		7F6541CB2177A9B900DB2813 /* Solution46.swift in Sources */ = {isa = PBXBuildFile; fileRef = 7F6541C72177A59000DB2813 /* Solution46.swift */; };
		7F6541CD2177A9D000DB2813 /* Solution46Test.swift in Sources */ = {isa = PBXBuildFile; fileRef = 7F6541CC2177A9D000DB2813 /* Solution46Test.swift */; };
		7F6541CF2177AC7800DB2813 /* Solution31.swift in Sources */ = {isa = PBXBuildFile; fileRef = 7F6541CE2177AC7800DB2813 /* Solution31.swift */; };
		7F6541D12177AE4C00DB2813 /* Solution31Test.swift in Sources */ = {isa = PBXBuildFile; fileRef = 7F6541D02177AE4C00DB2813 /* Solution31Test.swift */; };
		7F6541D22177AE5700DB2813 /* Solution31.swift in Sources */ = {isa = PBXBuildFile; fileRef = 7F6541CE2177AC7800DB2813 /* Solution31.swift */; };
		7F6541D42177B75300DB2813 /* Solution77.swift in Sources */ = {isa = PBXBuildFile; fileRef = 7F6541D32177B75300DB2813 /* Solution77.swift */; };
		7F6541D62177B87400DB2813 /* Solution77Test.swift in Sources */ = {isa = PBXBuildFile; fileRef = 7F6541D52177B87400DB2813 /* Solution77Test.swift */; };
		7F6541D72177B8A600DB2813 /* Solution77.swift in Sources */ = {isa = PBXBuildFile; fileRef = 7F6541D32177B75300DB2813 /* Solution77.swift */; };
		7FD96E112173070800709701 /* main.swift in Sources */ = {isa = PBXBuildFile; fileRef = 7FD96E102173070800709701 /* main.swift */; };
		7FD96E18217308D600709701 /* Solution917.swift in Sources */ = {isa = PBXBuildFile; fileRef = 7FD96E17217308D600709701 /* Solution917.swift */; };
		7FD96E22217313C000709701 /* LeetCodeTest.swift in Sources */ = {isa = PBXBuildFile; fileRef = 7FD96E21217313C000709701 /* LeetCodeTest.swift */; };
		7FD96E292173142700709701 /* Solution917Test.swift in Sources */ = {isa = PBXBuildFile; fileRef = 7FD96E282173142700709701 /* Solution917Test.swift */; };
		7FD96E2A217314CA00709701 /* Solution917.swift in Sources */ = {isa = PBXBuildFile; fileRef = 7FD96E17217308D600709701 /* Solution917.swift */; };
		7FD96E2C217315D800709701 /* Solution345.swift in Sources */ = {isa = PBXBuildFile; fileRef = 7FD96E2B217315D800709701 /* Solution345.swift */; };
		7FD96E2E217316D900709701 /* Solution345Test.swift in Sources */ = {isa = PBXBuildFile; fileRef = 7FD96E2D217316D900709701 /* Solution345Test.swift */; };
		7FD96E2F217316F800709701 /* Solution345.swift in Sources */ = {isa = PBXBuildFile; fileRef = 7FD96E2B217315D800709701 /* Solution345.swift */; };
		7FD96E322174123700709701 /* Solution344.swift in Sources */ = {isa = PBXBuildFile; fileRef = 7FD96E312174123700709701 /* Solution344.swift */; };
		7FD96E342174134A00709701 /* Solution541.swift in Sources */ = {isa = PBXBuildFile; fileRef = 7FD96E332174134A00709701 /* Solution541.swift */; };
		7FD96E3621741FA200709701 /* Solution541Test.swift in Sources */ = {isa = PBXBuildFile; fileRef = 7FD96E3521741FA200709701 /* Solution541Test.swift */; };
		7FD96E3721741FE800709701 /* Solution541.swift in Sources */ = {isa = PBXBuildFile; fileRef = 7FD96E332174134A00709701 /* Solution541.swift */; };
		7FD96E3921742BC700709701 /* Solution557.swift in Sources */ = {isa = PBXBuildFile; fileRef = 7FD96E3821742BC700709701 /* Solution557.swift */; };
		7FD96E3B217455C200709701 /* Solution557Test.swift in Sources */ = {isa = PBXBuildFile; fileRef = 7FD96E3A217455C200709701 /* Solution557Test.swift */; };
		7FD96E3C217455DF00709701 /* Solution557.swift in Sources */ = {isa = PBXBuildFile; fileRef = 7FD96E3821742BC700709701 /* Solution557.swift */; };
		7FD96E3E2174D94B00709701 /* Solution389.swift in Sources */ = {isa = PBXBuildFile; fileRef = 7FD96E3D2174D94B00709701 /* Solution389.swift */; };
		7FD96E402174DBAF00709701 /* Solution389Test.swift in Sources */ = {isa = PBXBuildFile; fileRef = 7FD96E3F2174DBAF00709701 /* Solution389Test.swift */; };
		7FD96E422174DBEE00709701 /* Solution389.swift in Sources */ = {isa = PBXBuildFile; fileRef = 7FD96E3D2174D94B00709701 /* Solution389.swift */; };
		7FD96E4421758CE800709701 /* Solution136.swift in Sources */ = {isa = PBXBuildFile; fileRef = 7FD96E4321758CE800709701 /* Solution136.swift */; };
		7FD96E4621758F5700709701 /* Solution268.swift in Sources */ = {isa = PBXBuildFile; fileRef = 7FD96E4521758F5700709701 /* Solution268.swift */; };
		7FD96E482175903000709701 /* Solution287.swift in Sources */ = {isa = PBXBuildFile; fileRef = 7FD96E472175903000709701 /* Solution287.swift */; };
		7FD96E4A21759C1F00709701 /* Solution137.swift in Sources */ = {isa = PBXBuildFile; fileRef = 7FD96E4921759C1F00709701 /* Solution137.swift */; };
		7FD96E4C21759D8A00709701 /* Solution137Test.swift in Sources */ = {isa = PBXBuildFile; fileRef = 7FD96E4B21759D8A00709701 /* Solution137Test.swift */; };
		7FD96E4D21759DAE00709701 /* Solution137.swift in Sources */ = {isa = PBXBuildFile; fileRef = 7FD96E4921759C1F00709701 /* Solution137.swift */; };
		7FD96E502176BA2B00709701 /* Solution496.swift in Sources */ = {isa = PBXBuildFile; fileRef = 7FD96E4F2176BA2B00709701 /* Solution496.swift */; };
		7FD96E522176BD4600709701 /* Solution496Test.swift in Sources */ = {isa = PBXBuildFile; fileRef = 7FD96E512176BD4600709701 /* Solution496Test.swift */; };
		7FD96E532176BD6200709701 /* Solution496.swift in Sources */ = {isa = PBXBuildFile; fileRef = 7FD96E4F2176BA2B00709701 /* Solution496.swift */; };
		7FD96E552176C38100709701 /* Solution503.swift in Sources */ = {isa = PBXBuildFile; fileRef = 7FD96E542176C38100709701 /* Solution503.swift */; };
		7FD96E572176C5E400709701 /* Solution503Test.swift in Sources */ = {isa = PBXBuildFile; fileRef = 7FD96E562176C5E400709701 /* Solution503Test.swift */; };
		7FD96E582176C5F300709701 /* Solution503.swift in Sources */ = {isa = PBXBuildFile; fileRef = 7FD96E542176C38100709701 /* Solution503.swift */; };
		7FD96E5A2176DDCE00709701 /* Solution556.swift in Sources */ = {isa = PBXBuildFile; fileRef = 7FD96E592176DDCE00709701 /* Solution556.swift */; };
		7FD96E5C2176E13A00709701 /* Solution556Test.swift in Sources */ = {isa = PBXBuildFile; fileRef = 7FD96E5B2176E13A00709701 /* Solution556Test.swift */; };
		7FD96E5D2176E14E00709701 /* Solution556.swift in Sources */ = {isa = PBXBuildFile; fileRef = 7FD96E592176DDCE00709701 /* Solution556.swift */; };
/* End PBXBuildFile section */

/* Begin PBXCopyFilesBuildPhase section */
		7FD96E0B2173070800709701 /* CopyFiles */ = {
			isa = PBXCopyFilesBuildPhase;
			buildActionMask = 2147483647;
			dstPath = /usr/share/man/man1/;
			dstSubfolderSpec = 0;
			files = (
			);
			runOnlyForDeploymentPostprocessing = 1;
		};
/* End PBXCopyFilesBuildPhase section */

/* Begin PBXFileReference section */
		7F6541B72176836900DB2813 /* Solution645.swift */ = {isa = PBXFileReference; lastKnownFileType = sourcecode.swift; path = Solution645.swift; sourceTree = "<group>"; };
		7F6541B92176843A00DB2813 /* Solution645Test.swift */ = {isa = PBXFileReference; lastKnownFileType = sourcecode.swift; path = Solution645Test.swift; sourceTree = "<group>"; };
		7F6541BC21768CF000DB2813 /* Solution299.swift */ = {isa = PBXFileReference; lastKnownFileType = sourcecode.swift; path = Solution299.swift; sourceTree = "<group>"; };
		7F6541BE2176906A00DB2813 /* Solution299Test.swift */ = {isa = PBXFileReference; lastKnownFileType = sourcecode.swift; path = Solution299Test.swift; sourceTree = "<group>"; };
		7F6541C12176964A00DB2813 /* Solution739.swift */ = {isa = PBXFileReference; lastKnownFileType = sourcecode.swift; path = Solution739.swift; sourceTree = "<group>"; };
		7F6541C32176971F00DB2813 /* Solution739Test.swift */ = {isa = PBXFileReference; lastKnownFileType = sourcecode.swift; path = Solution739Test.swift; sourceTree = "<group>"; };
		7F6541C72177A59000DB2813 /* Solution46.swift */ = {isa = PBXFileReference; lastKnownFileType = sourcecode.swift; path = Solution46.swift; sourceTree = "<group>"; };
		7F6541CC2177A9D000DB2813 /* Solution46Test.swift */ = {isa = PBXFileReference; lastKnownFileType = sourcecode.swift; path = Solution46Test.swift; sourceTree = "<group>"; };
		7F6541CE2177AC7800DB2813 /* Solution31.swift */ = {isa = PBXFileReference; lastKnownFileType = sourcecode.swift; path = Solution31.swift; sourceTree = "<group>"; };
		7F6541D02177AE4C00DB2813 /* Solution31Test.swift */ = {isa = PBXFileReference; lastKnownFileType = sourcecode.swift; path = Solution31Test.swift; sourceTree = "<group>"; };
		7F6541D32177B75300DB2813 /* Solution77.swift */ = {isa = PBXFileReference; lastKnownFileType = sourcecode.swift; path = Solution77.swift; sourceTree = "<group>"; };
		7F6541D52177B87400DB2813 /* Solution77Test.swift */ = {isa = PBXFileReference; lastKnownFileType = sourcecode.swift; path = Solution77Test.swift; sourceTree = "<group>"; };
		7FD96E0D2173070800709701 /* LeetCode */ = {isa = PBXFileReference; explicitFileType = "compiled.mach-o.executable"; includeInIndex = 0; path = LeetCode; sourceTree = BUILT_PRODUCTS_DIR; };
		7FD96E102173070800709701 /* main.swift */ = {isa = PBXFileReference; lastKnownFileType = sourcecode.swift; path = main.swift; sourceTree = "<group>"; };
		7FD96E17217308D600709701 /* Solution917.swift */ = {isa = PBXFileReference; lastKnownFileType = sourcecode.swift; path = Solution917.swift; sourceTree = "<group>"; };
		7FD96E1F217313C000709701 /* LeetCodeTest.xctest */ = {isa = PBXFileReference; explicitFileType = wrapper.cfbundle; includeInIndex = 0; path = LeetCodeTest.xctest; sourceTree = BUILT_PRODUCTS_DIR; };
		7FD96E21217313C000709701 /* LeetCodeTest.swift */ = {isa = PBXFileReference; lastKnownFileType = sourcecode.swift; path = LeetCodeTest.swift; sourceTree = "<group>"; };
		7FD96E23217313C000709701 /* Info.plist */ = {isa = PBXFileReference; lastKnownFileType = text.plist.xml; path = Info.plist; sourceTree = "<group>"; };
		7FD96E282173142700709701 /* Solution917Test.swift */ = {isa = PBXFileReference; lastKnownFileType = sourcecode.swift; path = Solution917Test.swift; sourceTree = "<group>"; };
		7FD96E2B217315D800709701 /* Solution345.swift */ = {isa = PBXFileReference; lastKnownFileType = sourcecode.swift; path = Solution345.swift; sourceTree = "<group>"; };
		7FD96E2D217316D900709701 /* Solution345Test.swift */ = {isa = PBXFileReference; lastKnownFileType = sourcecode.swift; path = Solution345Test.swift; sourceTree = "<group>"; };
		7FD96E312174123700709701 /* Solution344.swift */ = {isa = PBXFileReference; lastKnownFileType = sourcecode.swift; path = Solution344.swift; sourceTree = "<group>"; };
		7FD96E332174134A00709701 /* Solution541.swift */ = {isa = PBXFileReference; lastKnownFileType = sourcecode.swift; path = Solution541.swift; sourceTree = "<group>"; };
		7FD96E3521741FA200709701 /* Solution541Test.swift */ = {isa = PBXFileReference; lastKnownFileType = sourcecode.swift; path = Solution541Test.swift; sourceTree = "<group>"; };
		7FD96E3821742BC700709701 /* Solution557.swift */ = {isa = PBXFileReference; lastKnownFileType = sourcecode.swift; path = Solution557.swift; sourceTree = "<group>"; };
		7FD96E3A217455C200709701 /* Solution557Test.swift */ = {isa = PBXFileReference; lastKnownFileType = sourcecode.swift; path = Solution557Test.swift; sourceTree = "<group>"; };
		7FD96E3D2174D94B00709701 /* Solution389.swift */ = {isa = PBXFileReference; lastKnownFileType = sourcecode.swift; path = Solution389.swift; sourceTree = "<group>"; };
		7FD96E3F2174DBAF00709701 /* Solution389Test.swift */ = {isa = PBXFileReference; lastKnownFileType = sourcecode.swift; path = Solution389Test.swift; sourceTree = "<group>"; };
		7FD96E4321758CE800709701 /* Solution136.swift */ = {isa = PBXFileReference; lastKnownFileType = sourcecode.swift; path = Solution136.swift; sourceTree = "<group>"; };
		7FD96E4521758F5700709701 /* Solution268.swift */ = {isa = PBXFileReference; lastKnownFileType = sourcecode.swift; path = Solution268.swift; sourceTree = "<group>"; };
		7FD96E472175903000709701 /* Solution287.swift */ = {isa = PBXFileReference; lastKnownFileType = sourcecode.swift; path = Solution287.swift; sourceTree = "<group>"; };
		7FD96E4921759C1F00709701 /* Solution137.swift */ = {isa = PBXFileReference; lastKnownFileType = sourcecode.swift; path = Solution137.swift; sourceTree = "<group>"; };
		7FD96E4B21759D8A00709701 /* Solution137Test.swift */ = {isa = PBXFileReference; lastKnownFileType = sourcecode.swift; path = Solution137Test.swift; sourceTree = "<group>"; };
		7FD96E4F2176BA2B00709701 /* Solution496.swift */ = {isa = PBXFileReference; lastKnownFileType = sourcecode.swift; path = Solution496.swift; sourceTree = "<group>"; };
		7FD96E512176BD4600709701 /* Solution496Test.swift */ = {isa = PBXFileReference; lastKnownFileType = sourcecode.swift; path = Solution496Test.swift; sourceTree = "<group>"; };
		7FD96E542176C38100709701 /* Solution503.swift */ = {isa = PBXFileReference; lastKnownFileType = sourcecode.swift; path = Solution503.swift; sourceTree = "<group>"; };
		7FD96E562176C5E400709701 /* Solution503Test.swift */ = {isa = PBXFileReference; lastKnownFileType = sourcecode.swift; path = Solution503Test.swift; sourceTree = "<group>"; };
		7FD96E592176DDCE00709701 /* Solution556.swift */ = {isa = PBXFileReference; lastKnownFileType = sourcecode.swift; path = Solution556.swift; sourceTree = "<group>"; };
		7FD96E5B2176E13A00709701 /* Solution556Test.swift */ = {isa = PBXFileReference; lastKnownFileType = sourcecode.swift; path = Solution556Test.swift; sourceTree = "<group>"; };
/* End PBXFileReference section */

/* Begin PBXFrameworksBuildPhase section */
		7FD96E0A2173070800709701 /* Frameworks */ = {
			isa = PBXFrameworksBuildPhase;
			buildActionMask = 2147483647;
			files = (
			);
			runOnlyForDeploymentPostprocessing = 0;
		};
		7FD96E1C217313C000709701 /* Frameworks */ = {
			isa = PBXFrameworksBuildPhase;
			buildActionMask = 2147483647;
			files = (
			);
			runOnlyForDeploymentPostprocessing = 0;
		};
/* End PBXFrameworksBuildPhase section */

/* Begin PBXGroup section */
		7FD96E042173070800709701 = {
			isa = PBXGroup;
			children = (
				7FD96E0F2173070800709701 /* LeetCode */,
				7FD96E20217313C000709701 /* LeetCodeTest */,
				7FD96E0E2173070800709701 /* Products */,
			);
			sourceTree = "<group>";
		};
		7FD96E0E2173070800709701 /* Products */ = {
			isa = PBXGroup;
			children = (
				7FD96E0D2173070800709701 /* LeetCode */,
				7FD96E1F217313C000709701 /* LeetCodeTest.xctest */,
			);
			name = Products;
			sourceTree = "<group>";
		};
		7FD96E0F2173070800709701 /* LeetCode */ = {
			isa = PBXGroup;
			children = (
				7FD96E412174DBC500709701 /* UnitTest */,
				7FD96E102173070800709701 /* main.swift */,
				7F6541D32177B75300DB2813 /* Solution77.swift */,
				7F6541CE2177AC7800DB2813 /* Solution31.swift */,
				7F6541C72177A59000DB2813 /* Solution46.swift */,
				7FD96E592176DDCE00709701 /* Solution556.swift */,
				7FD96E542176C38100709701 /* Solution503.swift */,
				7F6541C12176964A00DB2813 /* Solution739.swift */,
				7FD96E4921759C1F00709701 /* Solution137.swift */,
				7F6541BC21768CF000DB2813 /* Solution299.swift */,
				7FD96E2B217315D800709701 /* Solution345.swift */,
				7FD96E3D2174D94B00709701 /* Solution389.swift */,
				7FD96E4F2176BA2B00709701 /* Solution496.swift */,
				7FD96E312174123700709701 /* Solution344.swift */,
				7FD96E332174134A00709701 /* Solution541.swift */,
				7FD96E3821742BC700709701 /* Solution557.swift */,
				7FD96E4321758CE800709701 /* Solution136.swift */,
				7FD96E4521758F5700709701 /* Solution268.swift */,
				7FD96E472175903000709701 /* Solution287.swift */,
				7F6541B72176836900DB2813 /* Solution645.swift */,
				7FD96E17217308D600709701 /* Solution917.swift */,
			);
			path = LeetCode;
			sourceTree = "<group>";
		};
		7FD96E20217313C000709701 /* LeetCodeTest */ = {
			isa = PBXGroup;
			children = (
				7FD96E21217313C000709701 /* LeetCodeTest.swift */,
				7FD96E23217313C000709701 /* Info.plist */,
			);
			path = LeetCodeTest;
			sourceTree = "<group>";
		};
		7FD96E412174DBC500709701 /* UnitTest */ = {
			isa = PBXGroup;
			children = (
				7FD96E2D217316D900709701 /* Solution345Test.swift */,
				7FD96E3F2174DBAF00709701 /* Solution389Test.swift */,
				7FD96E3521741FA200709701 /* Solution541Test.swift */,
				7FD96E3A217455C200709701 /* Solution557Test.swift */,
				7FD96E282173142700709701 /* Solution917Test.swift */,
				7FD96E4B21759D8A00709701 /* Solution137Test.swift */,
				7F6541B92176843A00DB2813 /* Solution645Test.swift */,
				7F6541BE2176906A00DB2813 /* Solution299Test.swift */,
				7F6541C32176971F00DB2813 /* Solution739Test.swift */,
				7FD96E512176BD4600709701 /* Solution496Test.swift */,
				7FD96E562176C5E400709701 /* Solution503Test.swift */,
				7FD96E5B2176E13A00709701 /* Solution556Test.swift */,
				7F6541CC2177A9D000DB2813 /* Solution46Test.swift */,
				7F6541D02177AE4C00DB2813 /* Solution31Test.swift */,
				7F6541D52177B87400DB2813 /* Solution77Test.swift */,
			);
			path = UnitTest;
			sourceTree = "<group>";
		};
/* End PBXGroup section */

/* Begin PBXNativeTarget section */
		7FD96E0C2173070800709701 /* LeetCode */ = {
			isa = PBXNativeTarget;
			buildConfigurationList = 7FD96E142173070800709701 /* Build configuration list for PBXNativeTarget "LeetCode" */;
			buildPhases = (
				7FD96E092173070800709701 /* Sources */,
				7FD96E0A2173070800709701 /* Frameworks */,
				7FD96E0B2173070800709701 /* CopyFiles */,
				7FD96E5E2176EDB400709701 /* ShellScript */,
			);
			buildRules = (
			);
			dependencies = (
			);
			name = LeetCode;
			productName = LeetCode;
			productReference = 7FD96E0D2173070800709701 /* LeetCode */;
			productType = "com.apple.product-type.tool";
		};
		7FD96E1E217313C000709701 /* LeetCodeTest */ = {
			isa = PBXNativeTarget;
			buildConfigurationList = 7FD96E24217313C000709701 /* Build configuration list for PBXNativeTarget "LeetCodeTest" */;
			buildPhases = (
				7FD96E1B217313C000709701 /* Sources */,
				7FD96E1C217313C000709701 /* Frameworks */,
				7FD96E1D217313C000709701 /* Resources */,
			);
			buildRules = (
			);
			dependencies = (
			);
			name = LeetCodeTest;
			productName = LeetCodeTest;
			productReference = 7FD96E1F217313C000709701 /* LeetCodeTest.xctest */;
			productType = "com.apple.product-type.bundle.unit-test";
		};
/* End PBXNativeTarget section */

/* Begin PBXProject section */
		7FD96E052173070800709701 /* Project object */ = {
			isa = PBXProject;
			attributes = {
				LastSwiftUpdateCheck = 1000;
				LastUpgradeCheck = 1000;
				ORGANIZATIONNAME = zuping;
				TargetAttributes = {
					7FD96E0C2173070800709701 = {
						CreatedOnToolsVersion = 10.0;
					};
					7FD96E1E217313C000709701 = {
						CreatedOnToolsVersion = 10.0;
					};
				};
			};
			buildConfigurationList = 7FD96E082173070800709701 /* Build configuration list for PBXProject "LeetCode" */;
			compatibilityVersion = "Xcode 9.3";
			developmentRegion = en;
			hasScannedForEncodings = 0;
			knownRegions = (
				en,
			);
			mainGroup = 7FD96E042173070800709701;
			productRefGroup = 7FD96E0E2173070800709701 /* Products */;
			projectDirPath = "";
			projectRoot = "";
			targets = (
				7FD96E0C2173070800709701 /* LeetCode */,
				7FD96E1E217313C000709701 /* LeetCodeTest */,
			);
		};
/* End PBXProject section */

/* Begin PBXResourcesBuildPhase section */
		7FD96E1D217313C000709701 /* Resources */ = {
			isa = PBXResourcesBuildPhase;
			buildActionMask = 2147483647;
			files = (
			);
			runOnlyForDeploymentPostprocessing = 0;
		};
/* End PBXResourcesBuildPhase section */

/* Begin PBXShellScriptBuildPhase section */
		7FD96E5E2176EDB400709701 /* ShellScript */ = {
			isa = PBXShellScriptBuildPhase;
			buildActionMask = 2147483647;
			files = (
			);
			inputPaths = (
			);
			outputPaths = (
			);
			runOnlyForDeploymentPostprocessing = 0;
			shellPath = /bin/sh;
			shellScript = "# Type a script or drag a script file from your workspace to insert its path.\nif which swiftlint >/dev/null; then\nswiftlint\nelse\necho \"warning: SwiftLint not installed, download from https://github.com/realm/SwiftLint\"\nfi\n";
		};
/* End PBXShellScriptBuildPhase section */

/* Begin PBXSourcesBuildPhase section */
		7FD96E092173070800709701 /* Sources */ = {
			isa = PBXSourcesBuildPhase;
			buildActionMask = 2147483647;
			files = (
				7FD96E3921742BC700709701 /* Solution557.swift in Sources */,
				7F6541CF2177AC7800DB2813 /* Solution31.swift in Sources */,
				7F6541D42177B75300DB2813 /* Solution77.swift in Sources */,
				7FD96E552176C38100709701 /* Solution503.swift in Sources */,
				7FD96E322174123700709701 /* Solution344.swift in Sources */,
				7FD96E5A2176DDCE00709701 /* Solution556.swift in Sources */,
				7FD96E18217308D600709701 /* Solution917.swift in Sources */,
				7FD96E4421758CE800709701 /* Solution136.swift in Sources */,
				7F6541B82176836900DB2813 /* Solution645.swift in Sources */,
				7FD96E502176BA2B00709701 /* Solution496.swift in Sources */,
				7FD96E112173070800709701 /* main.swift in Sources */,
				7FD96E342174134A00709701 /* Solution541.swift in Sources */,
				7FD96E3E2174D94B00709701 /* Solution389.swift in Sources */,
				7FD96E2C217315D800709701 /* Solution345.swift in Sources */,
				7F6541C82177A59000DB2813 /* Solution46.swift in Sources */,
				7FD96E4A21759C1F00709701 /* Solution137.swift in Sources */,
				7F6541C22176964A00DB2813 /* Solution739.swift in Sources */,
				7FD96E482175903000709701 /* Solution287.swift in Sources */,
				7F6541BD21768CF000DB2813 /* Solution299.swift in Sources */,
				7FD96E4621758F5700709701 /* Solution268.swift in Sources */,
			);
			runOnlyForDeploymentPostprocessing = 0;
		};
		7FD96E1B217313C000709701 /* Sources */ = {
			isa = PBXSourcesBuildPhase;
			buildActionMask = 2147483647;
			files = (
				7F6541BA2176843A00DB2813 /* Solution645Test.swift in Sources */,
				7FD96E572176C5E400709701 /* Solution503Test.swift in Sources */,
				7F6541BF2176906A00DB2813 /* Solution299Test.swift in Sources */,
				7F6541BB2176844400DB2813 /* Solution645.swift in Sources */,
				7FD96E4C21759D8A00709701 /* Solution137Test.swift in Sources */,
				7FD96E5D2176E14E00709701 /* Solution556.swift in Sources */,
				7FD96E5C2176E13A00709701 /* Solution556Test.swift in Sources */,
				7FD96E3C217455DF00709701 /* Solution557.swift in Sources */,
				7F6541D22177AE5700DB2813 /* Solution31.swift in Sources */,
				7F6541D12177AE4C00DB2813 /* Solution31Test.swift in Sources */,
				7FD96E2A217314CA00709701 /* Solution917.swift in Sources */,
				7FD96E3621741FA200709701 /* Solution541Test.swift in Sources */,
				7FD96E402174DBAF00709701 /* Solution389Test.swift in Sources */,
				7FD96E2E217316D900709701 /* Solution345Test.swift in Sources */,
				7FD96E582176C5F300709701 /* Solution503.swift in Sources */,
				7FD96E422174DBEE00709701 /* Solution389.swift in Sources */,
				7F6541CB2177A9B900DB2813 /* Solution46.swift in Sources */,
				7FD96E292173142700709701 /* Solution917Test.swift in Sources */,
				7FD96E4D21759DAE00709701 /* Solution137.swift in Sources */,
				7F6541D72177B8A600DB2813 /* Solution77.swift in Sources */,
				7FD96E522176BD4600709701 /* Solution496Test.swift in Sources */,
				7FD96E2F217316F800709701 /* Solution345.swift in Sources */,
				7FD96E3721741FE800709701 /* Solution541.swift in Sources */,
				7F6541D62177B87400DB2813 /* Solution77Test.swift in Sources */,
				7F6541C52176973700DB2813 /* Solution739.swift in Sources */,
				7F6541CD2177A9D000DB2813 /* Solution46Test.swift in Sources */,
				7FD96E3B217455C200709701 /* Solution557Test.swift in Sources */,
				7FD96E532176BD6200709701 /* Solution496.swift in Sources */,
				7F6541C02176907100DB2813 /* Solution299.swift in Sources */,
				7F6541C42176971F00DB2813 /* Solution739Test.swift in Sources */,
				7FD96E22217313C000709701 /* LeetCodeTest.swift in Sources */,
			);
			runOnlyForDeploymentPostprocessing = 0;
		};
/* End PBXSourcesBuildPhase section */

/* Begin XCBuildConfiguration section */
		7FD96E122173070800709701 /* Debug */ = {
			isa = XCBuildConfiguration;
			buildSettings = {
				ALWAYS_SEARCH_USER_PATHS = NO;
				CLANG_ANALYZER_NONNULL = YES;
				CLANG_ANALYZER_NUMBER_OBJECT_CONVERSION = YES_AGGRESSIVE;
				CLANG_CXX_LANGUAGE_STANDARD = "gnu++14";
				CLANG_CXX_LIBRARY = "libc++";
				CLANG_ENABLE_MODULES = YES;
				CLANG_ENABLE_OBJC_ARC = YES;
				CLANG_ENABLE_OBJC_WEAK = YES;
				CLANG_WARN_BLOCK_CAPTURE_AUTORELEASING = YES;
				CLANG_WARN_BOOL_CONVERSION = YES;
				CLANG_WARN_COMMA = YES;
				CLANG_WARN_CONSTANT_CONVERSION = YES;
				CLANG_WARN_DEPRECATED_OBJC_IMPLEMENTATIONS = YES;
				CLANG_WARN_DIRECT_OBJC_ISA_USAGE = YES_ERROR;
				CLANG_WARN_DOCUMENTATION_COMMENTS = YES;
				CLANG_WARN_EMPTY_BODY = YES;
				CLANG_WARN_ENUM_CONVERSION = YES;
				CLANG_WARN_INFINITE_RECURSION = YES;
				CLANG_WARN_INT_CONVERSION = YES;
				CLANG_WARN_NON_LITERAL_NULL_CONVERSION = YES;
				CLANG_WARN_OBJC_IMPLICIT_RETAIN_SELF = YES;
				CLANG_WARN_OBJC_LITERAL_CONVERSION = YES;
				CLANG_WARN_OBJC_ROOT_CLASS = YES_ERROR;
				CLANG_WARN_RANGE_LOOP_ANALYSIS = YES;
				CLANG_WARN_STRICT_PROTOTYPES = YES;
				CLANG_WARN_SUSPICIOUS_MOVE = YES;
				CLANG_WARN_UNGUARDED_AVAILABILITY = YES_AGGRESSIVE;
				CLANG_WARN_UNREACHABLE_CODE = YES;
				CLANG_WARN__DUPLICATE_METHOD_MATCH = YES;
				CODE_SIGN_IDENTITY = "-";
				COPY_PHASE_STRIP = NO;
				DEBUG_INFORMATION_FORMAT = dwarf;
				ENABLE_STRICT_OBJC_MSGSEND = YES;
				ENABLE_TESTABILITY = YES;
				GCC_C_LANGUAGE_STANDARD = gnu11;
				GCC_DYNAMIC_NO_PIC = NO;
				GCC_NO_COMMON_BLOCKS = YES;
				GCC_OPTIMIZATION_LEVEL = 0;
				GCC_PREPROCESSOR_DEFINITIONS = (
					"DEBUG=1",
					"$(inherited)",
				);
				GCC_WARN_64_TO_32_BIT_CONVERSION = YES;
				GCC_WARN_ABOUT_RETURN_TYPE = YES_ERROR;
				GCC_WARN_UNDECLARED_SELECTOR = YES;
				GCC_WARN_UNINITIALIZED_AUTOS = YES_AGGRESSIVE;
				GCC_WARN_UNUSED_FUNCTION = YES;
				GCC_WARN_UNUSED_VARIABLE = YES;
				MACOSX_DEPLOYMENT_TARGET = 10.13;
				MTL_ENABLE_DEBUG_INFO = INCLUDE_SOURCE;
				MTL_FAST_MATH = YES;
				ONLY_ACTIVE_ARCH = YES;
				SDKROOT = macosx;
				SWIFT_ACTIVE_COMPILATION_CONDITIONS = DEBUG;
				SWIFT_OPTIMIZATION_LEVEL = "-Onone";
			};
			name = Debug;
		};
		7FD96E132173070800709701 /* Release */ = {
			isa = XCBuildConfiguration;
			buildSettings = {
				ALWAYS_SEARCH_USER_PATHS = NO;
				CLANG_ANALYZER_NONNULL = YES;
				CLANG_ANALYZER_NUMBER_OBJECT_CONVERSION = YES_AGGRESSIVE;
				CLANG_CXX_LANGUAGE_STANDARD = "gnu++14";
				CLANG_CXX_LIBRARY = "libc++";
				CLANG_ENABLE_MODULES = YES;
				CLANG_ENABLE_OBJC_ARC = YES;
				CLANG_ENABLE_OBJC_WEAK = YES;
				CLANG_WARN_BLOCK_CAPTURE_AUTORELEASING = YES;
				CLANG_WARN_BOOL_CONVERSION = YES;
				CLANG_WARN_COMMA = YES;
				CLANG_WARN_CONSTANT_CONVERSION = YES;
				CLANG_WARN_DEPRECATED_OBJC_IMPLEMENTATIONS = YES;
				CLANG_WARN_DIRECT_OBJC_ISA_USAGE = YES_ERROR;
				CLANG_WARN_DOCUMENTATION_COMMENTS = YES;
				CLANG_WARN_EMPTY_BODY = YES;
				CLANG_WARN_ENUM_CONVERSION = YES;
				CLANG_WARN_INFINITE_RECURSION = YES;
				CLANG_WARN_INT_CONVERSION = YES;
				CLANG_WARN_NON_LITERAL_NULL_CONVERSION = YES;
				CLANG_WARN_OBJC_IMPLICIT_RETAIN_SELF = YES;
				CLANG_WARN_OBJC_LITERAL_CONVERSION = YES;
				CLANG_WARN_OBJC_ROOT_CLASS = YES_ERROR;
				CLANG_WARN_RANGE_LOOP_ANALYSIS = YES;
				CLANG_WARN_STRICT_PROTOTYPES = YES;
				CLANG_WARN_SUSPICIOUS_MOVE = YES;
				CLANG_WARN_UNGUARDED_AVAILABILITY = YES_AGGRESSIVE;
				CLANG_WARN_UNREACHABLE_CODE = YES;
				CLANG_WARN__DUPLICATE_METHOD_MATCH = YES;
				CODE_SIGN_IDENTITY = "-";
				COPY_PHASE_STRIP = NO;
				DEBUG_INFORMATION_FORMAT = "dwarf-with-dsym";
				ENABLE_NS_ASSERTIONS = NO;
				ENABLE_STRICT_OBJC_MSGSEND = YES;
				GCC_C_LANGUAGE_STANDARD = gnu11;
				GCC_NO_COMMON_BLOCKS = YES;
				GCC_WARN_64_TO_32_BIT_CONVERSION = YES;
				GCC_WARN_ABOUT_RETURN_TYPE = YES_ERROR;
				GCC_WARN_UNDECLARED_SELECTOR = YES;
				GCC_WARN_UNINITIALIZED_AUTOS = YES_AGGRESSIVE;
				GCC_WARN_UNUSED_FUNCTION = YES;
				GCC_WARN_UNUSED_VARIABLE = YES;
				MACOSX_DEPLOYMENT_TARGET = 10.13;
				MTL_ENABLE_DEBUG_INFO = NO;
				MTL_FAST_MATH = YES;
				SDKROOT = macosx;
				SWIFT_COMPILATION_MODE = wholemodule;
				SWIFT_OPTIMIZATION_LEVEL = "-O";
			};
			name = Release;
		};
		7FD96E152173070800709701 /* Debug */ = {
			isa = XCBuildConfiguration;
			buildSettings = {
				CODE_SIGN_STYLE = Automatic;
				PRODUCT_NAME = "$(TARGET_NAME)";
				SWIFT_VERSION = 4.2;
			};
			name = Debug;
		};
		7FD96E162173070800709701 /* Release */ = {
			isa = XCBuildConfiguration;
			buildSettings = {
				CODE_SIGN_STYLE = Automatic;
				PRODUCT_NAME = "$(TARGET_NAME)";
				SWIFT_VERSION = 4.2;
			};
			name = Release;
		};
		7FD96E25217313C000709701 /* Debug */ = {
			isa = XCBuildConfiguration;
			buildSettings = {
				CODE_SIGN_STYLE = Automatic;
				COMBINE_HIDPI_IMAGES = YES;
				INFOPLIST_FILE = LeetCodeTest/Info.plist;
				LD_RUNPATH_SEARCH_PATHS = (
					"$(inherited)",
					"@executable_path/../Frameworks",
					"@loader_path/../Frameworks",
				);
				PRODUCT_BUNDLE_IDENTIFIER = Zenki.LeetCodeTest;
				PRODUCT_NAME = "$(TARGET_NAME)";
				SWIFT_VERSION = 4.2;
			};
			name = Debug;
		};
		7FD96E26217313C000709701 /* Release */ = {
			isa = XCBuildConfiguration;
			buildSettings = {
				CODE_SIGN_STYLE = Automatic;
				COMBINE_HIDPI_IMAGES = YES;
				INFOPLIST_FILE = LeetCodeTest/Info.plist;
				LD_RUNPATH_SEARCH_PATHS = (
					"$(inherited)",
					"@executable_path/../Frameworks",
					"@loader_path/../Frameworks",
				);
				PRODUCT_BUNDLE_IDENTIFIER = Zenki.LeetCodeTest;
				PRODUCT_NAME = "$(TARGET_NAME)";
				SWIFT_VERSION = 4.2;
			};
			name = Release;
		};
/* End XCBuildConfiguration section */

/* Begin XCConfigurationList section */
		7FD96E082173070800709701 /* Build configuration list for PBXProject "LeetCode" */ = {
			isa = XCConfigurationList;
			buildConfigurations = (
				7FD96E122173070800709701 /* Debug */,
				7FD96E132173070800709701 /* Release */,
			);
			defaultConfigurationIsVisible = 0;
			defaultConfigurationName = Release;
		};
		7FD96E142173070800709701 /* Build configuration list for PBXNativeTarget "LeetCode" */ = {
			isa = XCConfigurationList;
			buildConfigurations = (
				7FD96E152173070800709701 /* Debug */,
				7FD96E162173070800709701 /* Release */,
			);
			defaultConfigurationIsVisible = 0;
			defaultConfigurationName = Release;
		};
		7FD96E24217313C000709701 /* Build configuration list for PBXNativeTarget "LeetCodeTest" */ = {
			isa = XCConfigurationList;
			buildConfigurations = (
				7FD96E25217313C000709701 /* Debug */,
				7FD96E26217313C000709701 /* Release */,
			);
			defaultConfigurationIsVisible = 0;
			defaultConfigurationName = Release;
		};
/* End XCConfigurationList section */
	};
	rootObject = 7FD96E052173070800709701 /* Project object */;
}
