// !$*UTF8*$!
{
	archiveVersion = 1;
	classes = {
	};
	objectVersion = 50;
	objects = {

/* Begin PBXBuildFile section */
		7F00F1762177EB5C0025A71E /* Solution60.swift in Sources */ = {isa = PBXBuildFile; fileRef = 7F00F1752177EB5C0025A71E /* Solution60.swift */; };
		7F00F1782177F08E0025A71E /* Solution60Test.swift in Sources */ = {isa = PBXBuildFile; fileRef = 7F00F1772177F08E0025A71E /* Solution60Test.swift */; };
		7F00F1792177F0B00025A71E /* Solution60.swift in Sources */ = {isa = PBXBuildFile; fileRef = 7F00F1752177EB5C0025A71E /* Solution60.swift */; };
		7F00F17B2177FE070025A71E /* Solution717.swift in Sources */ = {isa = PBXBuildFile; fileRef = 7F00F17A2177FE070025A71E /* Solution717.swift */; };
		7F00F17D2178002A0025A71E /* Solution717Test.swift in Sources */ = {isa = PBXBuildFile; fileRef = 7F00F17C2178002A0025A71E /* Solution717Test.swift */; };
		7F00F17E2178003A0025A71E /* Solution717.swift in Sources */ = {isa = PBXBuildFile; fileRef = 7F00F17A2177FE070025A71E /* Solution717.swift */; };
		7F281BB92184F98D00EA1425 /* Solution67.swift in Sources */ = {isa = PBXBuildFile; fileRef = 7F281BB82184F98D00EA1425 /* Solution67.swift */; };
		7F281BBB2184FEFD00EA1425 /* Solution67Test.swift in Sources */ = {isa = PBXBuildFile; fileRef = 7F281BBA2184FEFD00EA1425 /* Solution67Test.swift */; };
		7F281BBC2184FF3200EA1425 /* Solution67.swift in Sources */ = {isa = PBXBuildFile; fileRef = 7F281BB82184F98D00EA1425 /* Solution67.swift */; };
		7F281BBE2185012500EA1425 /* Solution78.swift in Sources */ = {isa = PBXBuildFile; fileRef = 7F281BBD2185012500EA1425 /* Solution78.swift */; };
		7F281BC02185042500EA1425 /* Solution78Test.swift in Sources */ = {isa = PBXBuildFile; fileRef = 7F281BBF2185042500EA1425 /* Solution78Test.swift */; };
		7F281BC12185043300EA1425 /* Solution78.swift in Sources */ = {isa = PBXBuildFile; fileRef = 7F281BBD2185012500EA1425 /* Solution78.swift */; };
		7F281BC32185061600EA1425 /* Solution125.swift in Sources */ = {isa = PBXBuildFile; fileRef = 7F281BC22185061600EA1425 /* Solution125.swift */; };
		7F281BC42185061900EA1425 /* Solution125.swift in Sources */ = {isa = PBXBuildFile; fileRef = 7F281BC22185061600EA1425 /* Solution125.swift */; };
		7F281BC6218506CE00EA1425 /* Solution125Test.swift in Sources */ = {isa = PBXBuildFile; fileRef = 7F281BC5218506CE00EA1425 /* Solution125Test.swift */; };
		7F281BC821850E7700EA1425 /* Solution206.swift in Sources */ = {isa = PBXBuildFile; fileRef = 7F281BC721850E7700EA1425 /* Solution206.swift */; };
		7F281BC921850E7B00EA1425 /* Solution206.swift in Sources */ = {isa = PBXBuildFile; fileRef = 7F281BC721850E7700EA1425 /* Solution206.swift */; };
		7F281BCB218510E600EA1425 /* Solution206Test.swift in Sources */ = {isa = PBXBuildFile; fileRef = 7F281BCA218510E600EA1425 /* Solution206Test.swift */; };
		7F281BCD2185174E00EA1425 /* Solution234.swift in Sources */ = {isa = PBXBuildFile; fileRef = 7F281BCC2185174E00EA1425 /* Solution234.swift */; };
		7F281BCE2185175200EA1425 /* Solution234.swift in Sources */ = {isa = PBXBuildFile; fileRef = 7F281BCC2185174E00EA1425 /* Solution234.swift */; };
		7F281BD021851A4D00EA1425 /* Solution234Test.swift in Sources */ = {isa = PBXBuildFile; fileRef = 7F281BCF21851A4D00EA1425 /* Solution234Test.swift */; };
		7F281BD221851CA000EA1425 /* Solution9.swift in Sources */ = {isa = PBXBuildFile; fileRef = 7F281BD121851CA000EA1425 /* Solution9.swift */; };
		7F281BD321851CA000EA1425 /* Solution9.swift in Sources */ = {isa = PBXBuildFile; fileRef = 7F281BD121851CA000EA1425 /* Solution9.swift */; };
		7F281BD521851D8600EA1425 /* Solution9Test.swift in Sources */ = {isa = PBXBuildFile; fileRef = 7F281BD421851D8600EA1425 /* Solution9Test.swift */; };
		7F281BD72185202200EA1425 /* SolutionBitOperation.swift in Sources */ = {isa = PBXBuildFile; fileRef = 7F281BD62185202200EA1425 /* SolutionBitOperation.swift */; };
		7F281BD82185202200EA1425 /* SolutionBitOperation.swift in Sources */ = {isa = PBXBuildFile; fileRef = 7F281BD62185202200EA1425 /* SolutionBitOperation.swift */; };
		7F281BDA218520BF00EA1425 /* SolutionBitOperationTest.swift in Sources */ = {isa = PBXBuildFile; fileRef = 7F281BD9218520BF00EA1425 /* SolutionBitOperationTest.swift */; };
		7F3E81E02182AC5800B4661F /* Solution5.swift in Sources */ = {isa = PBXBuildFile; fileRef = 7F3E81DF2182AC5800B4661F /* Solution5.swift */; };
		7F3E81E12182AC5800B4661F /* Solution5.swift in Sources */ = {isa = PBXBuildFile; fileRef = 7F3E81DF2182AC5800B4661F /* Solution5.swift */; };
		7F3E81E32182AEE700B4661F /* Solution5Test.swift in Sources */ = {isa = PBXBuildFile; fileRef = 7F3E81E22182AEE700B4661F /* Solution5Test.swift */; };
		7F3E81E52182B9CC00B4661F /* Solution266.swift in Sources */ = {isa = PBXBuildFile; fileRef = 7F3E81E42182B9CC00B4661F /* Solution266.swift */; };
		7F3E81E62182B9CC00B4661F /* Solution266.swift in Sources */ = {isa = PBXBuildFile; fileRef = 7F3E81E42182B9CC00B4661F /* Solution266.swift */; };
		7F3E81E82182BA7C00B4661F /* Solution266Test.swift in Sources */ = {isa = PBXBuildFile; fileRef = 7F3E81E72182BA7C00B4661F /* Solution266Test.swift */; };
		7F3E81EA2182BB8A00B4661F /* Solution242.swift in Sources */ = {isa = PBXBuildFile; fileRef = 7F3E81E92182BB8A00B4661F /* Solution242.swift */; };
		7F3E81EB2182BB8A00B4661F /* Solution242.swift in Sources */ = {isa = PBXBuildFile; fileRef = 7F3E81E92182BB8A00B4661F /* Solution242.swift */; };
		7F3E81ED2182BE1200B4661F /* Solution516.swift in Sources */ = {isa = PBXBuildFile; fileRef = 7F3E81EC2182BE1200B4661F /* Solution516.swift */; };
		7F3E81EE2182BE1200B4661F /* Solution516.swift in Sources */ = {isa = PBXBuildFile; fileRef = 7F3E81EC2182BE1200B4661F /* Solution516.swift */; };
		7F3E81F02182BF5E00B4661F /* Solution516Test.swift in Sources */ = {isa = PBXBuildFile; fileRef = 7F3E81EF2182BF5E00B4661F /* Solution516Test.swift */; };
		7F3E81F22182C78C00B4661F /* Solution621.swift in Sources */ = {isa = PBXBuildFile; fileRef = 7F3E81F12182C78C00B4661F /* Solution621.swift */; };
		7F3E81F32182C78C00B4661F /* Solution621.swift in Sources */ = {isa = PBXBuildFile; fileRef = 7F3E81F12182C78C00B4661F /* Solution621.swift */; };
		7F3E81F52182C92900B4661F /* Solution621Test.swift in Sources */ = {isa = PBXBuildFile; fileRef = 7F3E81F42182C92900B4661F /* Solution621Test.swift */; };
		7F6541B82176836900DB2813 /* Solution645.swift in Sources */ = {isa = PBXBuildFile; fileRef = 7F6541B72176836900DB2813 /* Solution645.swift */; };
		7F6541BA2176843A00DB2813 /* Solution645Test.swift in Sources */ = {isa = PBXBuildFile; fileRef = 7F6541B92176843A00DB2813 /* Solution645Test.swift */; };
		7F6541BB2176844400DB2813 /* Solution645.swift in Sources */ = {isa = PBXBuildFile; fileRef = 7F6541B72176836900DB2813 /* Solution645.swift */; };
		7F6541BD21768CF000DB2813 /* Solution299.swift in Sources */ = {isa = PBXBuildFile; fileRef = 7F6541BC21768CF000DB2813 /* Solution299.swift */; };
		7F6541BF2176906A00DB2813 /* Solution299Test.swift in Sources */ = {isa = PBXBuildFile; fileRef = 7F6541BE2176906A00DB2813 /* Solution299Test.swift */; };
		7F6541C02176907100DB2813 /* Solution299.swift in Sources */ = {isa = PBXBuildFile; fileRef = 7F6541BC21768CF000DB2813 /* Solution299.swift */; };
		7F6541C22176964A00DB2813 /* Solution739.swift in Sources */ = {isa = PBXBuildFile; fileRef = 7F6541C12176964A00DB2813 /* Solution739.swift */; };
		7F6541C42176971F00DB2813 /* Solution739Test.swift in Sources */ = {isa = PBXBuildFile; fileRef = 7F6541C32176971F00DB2813 /* Solution739Test.swift */; };
		7F6541C52176973700DB2813 /* Solution739.swift in Sources */ = {isa = PBXBuildFile; fileRef = 7F6541C12176964A00DB2813 /* Solution739.swift */; };
		7F6541C82177A59000DB2813 /* Solution46.swift in Sources */ = {isa = PBXBuildFile; fileRef = 7F6541C72177A59000DB2813 /* Solution46.swift */; };
		7F6541CB2177A9B900DB2813 /* Solution46.swift in Sources */ = {isa = PBXBuildFile; fileRef = 7F6541C72177A59000DB2813 /* Solution46.swift */; };
		7F6541CD2177A9D000DB2813 /* Solution46Test.swift in Sources */ = {isa = PBXBuildFile; fileRef = 7F6541CC2177A9D000DB2813 /* Solution46Test.swift */; };
		7F6541CF2177AC7800DB2813 /* Solution31.swift in Sources */ = {isa = PBXBuildFile; fileRef = 7F6541CE2177AC7800DB2813 /* Solution31.swift */; };
		7F6541D12177AE4C00DB2813 /* Solution31Test.swift in Sources */ = {isa = PBXBuildFile; fileRef = 7F6541D02177AE4C00DB2813 /* Solution31Test.swift */; };
		7F6541D22177AE5700DB2813 /* Solution31.swift in Sources */ = {isa = PBXBuildFile; fileRef = 7F6541CE2177AC7800DB2813 /* Solution31.swift */; };
		7F6541D42177B75300DB2813 /* Solution77.swift in Sources */ = {isa = PBXBuildFile; fileRef = 7F6541D32177B75300DB2813 /* Solution77.swift */; };
		7F6541D62177B87400DB2813 /* Solution77Test.swift in Sources */ = {isa = PBXBuildFile; fileRef = 7F6541D52177B87400DB2813 /* Solution77Test.swift */; };
		7F6541D72177B8A600DB2813 /* Solution77.swift in Sources */ = {isa = PBXBuildFile; fileRef = 7F6541D32177B75300DB2813 /* Solution77.swift */; };
		7F6541D92177CDDB00DB2813 /* Solution47.swift in Sources */ = {isa = PBXBuildFile; fileRef = 7F6541D82177CDDB00DB2813 /* Solution47.swift */; };
		7F6541DB2177CF4B00DB2813 /* Solution47Test.swift in Sources */ = {isa = PBXBuildFile; fileRef = 7F6541DA2177CF4B00DB2813 /* Solution47Test.swift */; };
		7F6541DD2177CF7D00DB2813 /* Solution47.swift in Sources */ = {isa = PBXBuildFile; fileRef = 7F6541D82177CDDB00DB2813 /* Solution47.swift */; };
		7F6F04C7217E836B00B93A05 /* Solution720.swift in Sources */ = {isa = PBXBuildFile; fileRef = 7F6F04C6217E836B00B93A05 /* Solution720.swift */; };
		7F6F04C8217E836B00B93A05 /* Solution720.swift in Sources */ = {isa = PBXBuildFile; fileRef = 7F6F04C6217E836B00B93A05 /* Solution720.swift */; };
		7F6F04CA217E863F00B93A05 /* Solution720Test.swift in Sources */ = {isa = PBXBuildFile; fileRef = 7F6F04C9217E863F00B93A05 /* Solution720Test.swift */; };
		7F6F04CC217E8AA300B93A05 /* Solution524.swift in Sources */ = {isa = PBXBuildFile; fileRef = 7F6F04CB217E8AA300B93A05 /* Solution524.swift */; };
		7F6F04CD217E8AA300B93A05 /* Solution524.swift in Sources */ = {isa = PBXBuildFile; fileRef = 7F6F04CB217E8AA300B93A05 /* Solution524.swift */; };
		7F6F04CF217E8DA300B93A05 /* Solution524Test.swift in Sources */ = {isa = PBXBuildFile; fileRef = 7F6F04CE217E8DA300B93A05 /* Solution524Test.swift */; };
		7F6F04D1217E921700B93A05 /* Solution713.swift in Sources */ = {isa = PBXBuildFile; fileRef = 7F6F04D0217E921700B93A05 /* Solution713.swift */; };
		7F6F04D2217E921700B93A05 /* Solution713.swift in Sources */ = {isa = PBXBuildFile; fileRef = 7F6F04D0217E921700B93A05 /* Solution713.swift */; };
		7F6F04D4217E92DB00B93A05 /* Solution713Test.swift in Sources */ = {isa = PBXBuildFile; fileRef = 7F6F04D3217E92DB00B93A05 /* Solution713Test.swift */; };
		7F9DBD41217D67390033671C /* Solution674.swift in Sources */ = {isa = PBXBuildFile; fileRef = 7F9DBD40217D67390033671C /* Solution674.swift */; };
		7F9DBD42217D67390033671C /* Solution674.swift in Sources */ = {isa = PBXBuildFile; fileRef = 7F9DBD40217D67390033671C /* Solution674.swift */; };
		7F9DBD44217D68260033671C /* Solution674Test.swift in Sources */ = {isa = PBXBuildFile; fileRef = 7F9DBD43217D68260033671C /* Solution674Test.swift */; };
		7F9DBD46217D69370033671C /* Solution673.swift in Sources */ = {isa = PBXBuildFile; fileRef = 7F9DBD45217D69370033671C /* Solution673.swift */; };
		7F9DBD47217D69370033671C /* Solution673.swift in Sources */ = {isa = PBXBuildFile; fileRef = 7F9DBD45217D69370033671C /* Solution673.swift */; };
		7F9DBD49217D6F380033671C /* Solution673Test.swift in Sources */ = {isa = PBXBuildFile; fileRef = 7F9DBD48217D6F380033671C /* Solution673Test.swift */; };
		7F9DBD4B217D70A80033671C /* Solution300.swift in Sources */ = {isa = PBXBuildFile; fileRef = 7F9DBD4A217D70A80033671C /* Solution300.swift */; };
		7F9DBD4C217D70A80033671C /* Solution300.swift in Sources */ = {isa = PBXBuildFile; fileRef = 7F9DBD4A217D70A80033671C /* Solution300.swift */; };
		7F9DBD4E217D71C30033671C /* Solution300Test.swift in Sources */ = {isa = PBXBuildFile; fileRef = 7F9DBD4D217D71C30033671C /* Solution300Test.swift */; };
		7F9DBD50217D76560033671C /* Solution334.swift in Sources */ = {isa = PBXBuildFile; fileRef = 7F9DBD4F217D76560033671C /* Solution334.swift */; };
		7F9DBD51217D76560033671C /* Solution334.swift in Sources */ = {isa = PBXBuildFile; fileRef = 7F9DBD4F217D76560033671C /* Solution334.swift */; };
		7F9DBD53217D784B0033671C /* Solution334Test.swift in Sources */ = {isa = PBXBuildFile; fileRef = 7F9DBD52217D784B0033671C /* Solution334Test.swift */; };
		7F9DBD55217D78BF0033671C /* Solution523.swift in Sources */ = {isa = PBXBuildFile; fileRef = 7F9DBD54217D78BF0033671C /* Solution523.swift */; };
		7F9DBD56217D78BF0033671C /* Solution523.swift in Sources */ = {isa = PBXBuildFile; fileRef = 7F9DBD54217D78BF0033671C /* Solution523.swift */; };
		7F9DBD58217D7A9B0033671C /* Solution523Test.swift in Sources */ = {isa = PBXBuildFile; fileRef = 7F9DBD57217D7A9B0033671C /* Solution523Test.swift */; };
		7F9DBD5A217EAFBB0033671C /* Solution53.swift in Sources */ = {isa = PBXBuildFile; fileRef = 7F9DBD59217EAFBB0033671C /* Solution53.swift */; };
		7F9DBD5B217EAFBB0033671C /* Solution53.swift in Sources */ = {isa = PBXBuildFile; fileRef = 7F9DBD59217EAFBB0033671C /* Solution53.swift */; };
		7F9DBD5D217EB2CE0033671C /* Solution53Test.swift in Sources */ = {isa = PBXBuildFile; fileRef = 7F9DBD5C217EB2CE0033671C /* Solution53Test.swift */; };
		7F9DBD5F217EB7600033671C /* Solution152.swift in Sources */ = {isa = PBXBuildFile; fileRef = 7F9DBD5E217EB7600033671C /* Solution152.swift */; };
		7F9DBD60217EB7600033671C /* Solution152.swift in Sources */ = {isa = PBXBuildFile; fileRef = 7F9DBD5E217EB7600033671C /* Solution152.swift */; };
		7F9DBD62217EBFC80033671C /* Solution152Test.swift in Sources */ = {isa = PBXBuildFile; fileRef = 7F9DBD61217EBFC80033671C /* Solution152Test.swift */; };
		7F9DBD64217EC70D0033671C /* Solution121.swift in Sources */ = {isa = PBXBuildFile; fileRef = 7F9DBD63217EC70D0033671C /* Solution121.swift */; };
		7F9DBD65217EC70D0033671C /* Solution121.swift in Sources */ = {isa = PBXBuildFile; fileRef = 7F9DBD63217EC70D0033671C /* Solution121.swift */; };
		7F9DBD67217EC7F50033671C /* Solution121Test.swift in Sources */ = {isa = PBXBuildFile; fileRef = 7F9DBD66217EC7F50033671C /* Solution121Test.swift */; };
		7F9DBD69217ECADF0033671C /* Solution122.swift in Sources */ = {isa = PBXBuildFile; fileRef = 7F9DBD68217ECADF0033671C /* Solution122.swift */; };
		7F9DBD6A217ECADF0033671C /* Solution122.swift in Sources */ = {isa = PBXBuildFile; fileRef = 7F9DBD68217ECADF0033671C /* Solution122.swift */; };
		7F9DBD6C217ECB2F0033671C /* Solution122Test.swift in Sources */ = {isa = PBXBuildFile; fileRef = 7F9DBD6B217ECB2F0033671C /* Solution122Test.swift */; };
		7F9DBD6E217ECC5B0033671C /* Solution220.swift in Sources */ = {isa = PBXBuildFile; fileRef = 7F9DBD6D217ECC5B0033671C /* Solution220.swift */; };
		7F9DBD6F217ECC5B0033671C /* Solution220.swift in Sources */ = {isa = PBXBuildFile; fileRef = 7F9DBD6D217ECC5B0033671C /* Solution220.swift */; };
		7F9DBD71217ED12A0033671C /* Solution220Test.swift in Sources */ = {isa = PBXBuildFile; fileRef = 7F9DBD70217ED12A0033671C /* Solution220Test.swift */; };
		7F9DBD73218027CF0033671C /* Solution217.swift in Sources */ = {isa = PBXBuildFile; fileRef = 7F9DBD72218027CF0033671C /* Solution217.swift */; };
		7F9DBD74218027CF0033671C /* Solution217.swift in Sources */ = {isa = PBXBuildFile; fileRef = 7F9DBD72218027CF0033671C /* Solution217.swift */; };
		7F9DBD762180288D0033671C /* Solution217Test.swift in Sources */ = {isa = PBXBuildFile; fileRef = 7F9DBD752180288D0033671C /* Solution217Test.swift */; };
		7F9DBD78218029AF0033671C /* Solution219.swift in Sources */ = {isa = PBXBuildFile; fileRef = 7F9DBD77218029AF0033671C /* Solution219.swift */; };
		7F9DBD79218029AF0033671C /* Solution219.swift in Sources */ = {isa = PBXBuildFile; fileRef = 7F9DBD77218029AF0033671C /* Solution219.swift */; };
		7F9DBD7B21802B0E0033671C /* Solution219Test.swift in Sources */ = {isa = PBXBuildFile; fileRef = 7F9DBD7A21802B0E0033671C /* Solution219Test.swift */; };
		7F9DBD7D21802C1E0033671C /* Solution718.swift in Sources */ = {isa = PBXBuildFile; fileRef = 7F9DBD7C21802C1E0033671C /* Solution718.swift */; };
		7F9DBD7E21802C1E0033671C /* Solution718.swift in Sources */ = {isa = PBXBuildFile; fileRef = 7F9DBD7C21802C1E0033671C /* Solution718.swift */; };
		7F9DBD80218035990033671C /* Solution718Test.swift in Sources */ = {isa = PBXBuildFile; fileRef = 7F9DBD7F218035990033671C /* Solution718Test.swift */; };
		7F9DBD8221814FA50033671C /* Solution209.swift in Sources */ = {isa = PBXBuildFile; fileRef = 7F9DBD8121814FA50033671C /* Solution209.swift */; };
		7F9DBD8321814FA50033671C /* Solution209.swift in Sources */ = {isa = PBXBuildFile; fileRef = 7F9DBD8121814FA50033671C /* Solution209.swift */; };
		7F9DBD85218152620033671C /* Solution209Test.swift in Sources */ = {isa = PBXBuildFile; fileRef = 7F9DBD84218152620033671C /* Solution209Test.swift */; };
		7F9DBD872181577B0033671C /* Solution697.swift in Sources */ = {isa = PBXBuildFile; fileRef = 7F9DBD862181577B0033671C /* Solution697.swift */; };
		7F9DBD882181577B0033671C /* Solution697.swift in Sources */ = {isa = PBXBuildFile; fileRef = 7F9DBD862181577B0033671C /* Solution697.swift */; };
		7F9DBD8A218159C90033671C /* Solution697Test.swift in Sources */ = {isa = PBXBuildFile; fileRef = 7F9DBD89218159C90033671C /* Solution697Test.swift */; };
		7F9DBD8C21815FF40033671C /* Solution840.swift in Sources */ = {isa = PBXBuildFile; fileRef = 7F9DBD8B21815FF40033671C /* Solution840.swift */; };
		7F9DBD8D21815FF40033671C /* Solution840.swift in Sources */ = {isa = PBXBuildFile; fileRef = 7F9DBD8B21815FF40033671C /* Solution840.swift */; };
		7F9DBD92218164E00033671C /* Solution840Test.swift in Sources */ = {isa = PBXBuildFile; fileRef = 7F9DBD91218164E00033671C /* Solution840Test.swift */; };
		7F9DBD94218167BB0033671C /* Solution18.swift in Sources */ = {isa = PBXBuildFile; fileRef = 7F9DBD93218167BB0033671C /* Solution18.swift */; };
		7F9DBD95218167BB0033671C /* Solution18.swift in Sources */ = {isa = PBXBuildFile; fileRef = 7F9DBD93218167BB0033671C /* Solution18.swift */; };
		7F9DBD9A21816B8D0033671C /* Solution18Test.swift in Sources */ = {isa = PBXBuildFile; fileRef = 7F9DBD9921816B8D0033671C /* Solution18Test.swift */; };
		7F9DBD9C218178F50033671C /* Solution647.swift in Sources */ = {isa = PBXBuildFile; fileRef = 7F9DBD9B218178F50033671C /* Solution647.swift */; };
		7F9DBD9D218178F50033671C /* Solution647.swift in Sources */ = {isa = PBXBuildFile; fileRef = 7F9DBD9B218178F50033671C /* Solution647.swift */; };
		7F9DBD9F21817C210033671C /* Solution647Test.swift in Sources */ = {isa = PBXBuildFile; fileRef = 7F9DBD9E21817C210033671C /* Solution647Test.swift */; };
		7FA4D30F217C022C0089A31B /* Solution33Test.swift in Sources */ = {isa = PBXBuildFile; fileRef = 7FA4D30E217C022C0089A31B /* Solution33Test.swift */; };
		7FA4D311217C04EA0089A31B /* Solution153.swift in Sources */ = {isa = PBXBuildFile; fileRef = 7FA4D310217C04EA0089A31B /* Solution153.swift */; };
		7FA4D312217C04EA0089A31B /* Solution153.swift in Sources */ = {isa = PBXBuildFile; fileRef = 7FA4D310217C04EA0089A31B /* Solution153.swift */; };
		7FA4D314217C06100089A31B /* Solution153Test.swift in Sources */ = {isa = PBXBuildFile; fileRef = 7FA4D313217C06100089A31B /* Solution153Test.swift */; };
		7FA4D316217C0A420089A31B /* Solution724.swift in Sources */ = {isa = PBXBuildFile; fileRef = 7FA4D315217C0A420089A31B /* Solution724.swift */; };
		7FA4D317217C0A420089A31B /* Solution724.swift in Sources */ = {isa = PBXBuildFile; fileRef = 7FA4D315217C0A420089A31B /* Solution724.swift */; };
		7FA4D319217C0EB30089A31B /* Solution724Test.swift in Sources */ = {isa = PBXBuildFile; fileRef = 7FA4D318217C0EB30089A31B /* Solution724Test.swift */; };
		7FA4D31B217C12130089A31B /* Solution560.swift in Sources */ = {isa = PBXBuildFile; fileRef = 7FA4D31A217C12130089A31B /* Solution560.swift */; };
		7FA4D31C217C12130089A31B /* Solution560.swift in Sources */ = {isa = PBXBuildFile; fileRef = 7FA4D31A217C12130089A31B /* Solution560.swift */; };
		7FA4D31E217C15050089A31B /* Solution560Test.swift in Sources */ = {isa = PBXBuildFile; fileRef = 7FA4D31D217C15050089A31B /* Solution560Test.swift */; };
		7FA4D320217C19A50089A31B /* Solution169.swift in Sources */ = {isa = PBXBuildFile; fileRef = 7FA4D31F217C19A50089A31B /* Solution169.swift */; };
		7FA4D321217C19A50089A31B /* Solution169.swift in Sources */ = {isa = PBXBuildFile; fileRef = 7FA4D31F217C19A50089A31B /* Solution169.swift */; };
		7FA4D323217C1A560089A31B /* Solution169Test.swift in Sources */ = {isa = PBXBuildFile; fileRef = 7FA4D322217C1A560089A31B /* Solution169Test.swift */; };
		7FA4D325217C1B2A0089A31B /* Solution229.swift in Sources */ = {isa = PBXBuildFile; fileRef = 7FA4D324217C1B2A0089A31B /* Solution229.swift */; };
		7FA4D326217C1B2A0089A31B /* Solution229.swift in Sources */ = {isa = PBXBuildFile; fileRef = 7FA4D324217C1B2A0089A31B /* Solution229.swift */; };
		7FA4D32B217C1F110089A31B /* Solution229Test.swift in Sources */ = {isa = PBXBuildFile; fileRef = 7FA4D32A217C1F110089A31B /* Solution229Test.swift */; };
		7FD96E112173070800709701 /* main.swift in Sources */ = {isa = PBXBuildFile; fileRef = 7FD96E102173070800709701 /* main.swift */; };
		7FD96E18217308D600709701 /* Solution917.swift in Sources */ = {isa = PBXBuildFile; fileRef = 7FD96E17217308D600709701 /* Solution917.swift */; };
		7FD96E22217313C000709701 /* LeetCodeTest.swift in Sources */ = {isa = PBXBuildFile; fileRef = 7FD96E21217313C000709701 /* LeetCodeTest.swift */; };
		7FD96E292173142700709701 /* Solution917Test.swift in Sources */ = {isa = PBXBuildFile; fileRef = 7FD96E282173142700709701 /* Solution917Test.swift */; };
		7FD96E2A217314CA00709701 /* Solution917.swift in Sources */ = {isa = PBXBuildFile; fileRef = 7FD96E17217308D600709701 /* Solution917.swift */; };
		7FD96E2C217315D800709701 /* Solution345.swift in Sources */ = {isa = PBXBuildFile; fileRef = 7FD96E2B217315D800709701 /* Solution345.swift */; };
		7FD96E2E217316D900709701 /* Solution345Test.swift in Sources */ = {isa = PBXBuildFile; fileRef = 7FD96E2D217316D900709701 /* Solution345Test.swift */; };
		7FD96E2F217316F800709701 /* Solution345.swift in Sources */ = {isa = PBXBuildFile; fileRef = 7FD96E2B217315D800709701 /* Solution345.swift */; };
		7FD96E322174123700709701 /* Solution344.swift in Sources */ = {isa = PBXBuildFile; fileRef = 7FD96E312174123700709701 /* Solution344.swift */; };
		7FD96E342174134A00709701 /* Solution541.swift in Sources */ = {isa = PBXBuildFile; fileRef = 7FD96E332174134A00709701 /* Solution541.swift */; };
		7FD96E3621741FA200709701 /* Solution541Test.swift in Sources */ = {isa = PBXBuildFile; fileRef = 7FD96E3521741FA200709701 /* Solution541Test.swift */; };
		7FD96E3721741FE800709701 /* Solution541.swift in Sources */ = {isa = PBXBuildFile; fileRef = 7FD96E332174134A00709701 /* Solution541.swift */; };
		7FD96E3921742BC700709701 /* Solution557.swift in Sources */ = {isa = PBXBuildFile; fileRef = 7FD96E3821742BC700709701 /* Solution557.swift */; };
		7FD96E3B217455C200709701 /* Solution557Test.swift in Sources */ = {isa = PBXBuildFile; fileRef = 7FD96E3A217455C200709701 /* Solution557Test.swift */; };
		7FD96E3C217455DF00709701 /* Solution557.swift in Sources */ = {isa = PBXBuildFile; fileRef = 7FD96E3821742BC700709701 /* Solution557.swift */; };
		7FD96E3E2174D94B00709701 /* Solution389.swift in Sources */ = {isa = PBXBuildFile; fileRef = 7FD96E3D2174D94B00709701 /* Solution389.swift */; };
		7FD96E402174DBAF00709701 /* Solution389Test.swift in Sources */ = {isa = PBXBuildFile; fileRef = 7FD96E3F2174DBAF00709701 /* Solution389Test.swift */; };
		7FD96E422174DBEE00709701 /* Solution389.swift in Sources */ = {isa = PBXBuildFile; fileRef = 7FD96E3D2174D94B00709701 /* Solution389.swift */; };
		7FD96E4421758CE800709701 /* Solution136.swift in Sources */ = {isa = PBXBuildFile; fileRef = 7FD96E4321758CE800709701 /* Solution136.swift */; };
		7FD96E4621758F5700709701 /* Solution268.swift in Sources */ = {isa = PBXBuildFile; fileRef = 7FD96E4521758F5700709701 /* Solution268.swift */; };
		7FD96E482175903000709701 /* Solution287.swift in Sources */ = {isa = PBXBuildFile; fileRef = 7FD96E472175903000709701 /* Solution287.swift */; };
		7FD96E4A21759C1F00709701 /* Solution137.swift in Sources */ = {isa = PBXBuildFile; fileRef = 7FD96E4921759C1F00709701 /* Solution137.swift */; };
		7FD96E4C21759D8A00709701 /* Solution137Test.swift in Sources */ = {isa = PBXBuildFile; fileRef = 7FD96E4B21759D8A00709701 /* Solution137Test.swift */; };
		7FD96E4D21759DAE00709701 /* Solution137.swift in Sources */ = {isa = PBXBuildFile; fileRef = 7FD96E4921759C1F00709701 /* Solution137.swift */; };
		7FD96E502176BA2B00709701 /* Solution496.swift in Sources */ = {isa = PBXBuildFile; fileRef = 7FD96E4F2176BA2B00709701 /* Solution496.swift */; };
		7FD96E522176BD4600709701 /* Solution496Test.swift in Sources */ = {isa = PBXBuildFile; fileRef = 7FD96E512176BD4600709701 /* Solution496Test.swift */; };
		7FD96E532176BD6200709701 /* Solution496.swift in Sources */ = {isa = PBXBuildFile; fileRef = 7FD96E4F2176BA2B00709701 /* Solution496.swift */; };
		7FD96E552176C38100709701 /* Solution503.swift in Sources */ = {isa = PBXBuildFile; fileRef = 7FD96E542176C38100709701 /* Solution503.swift */; };
		7FD96E572176C5E400709701 /* Solution503Test.swift in Sources */ = {isa = PBXBuildFile; fileRef = 7FD96E562176C5E400709701 /* Solution503Test.swift */; };
		7FD96E582176C5F300709701 /* Solution503.swift in Sources */ = {isa = PBXBuildFile; fileRef = 7FD96E542176C38100709701 /* Solution503.swift */; };
		7FD96E5A2176DDCE00709701 /* Solution556.swift in Sources */ = {isa = PBXBuildFile; fileRef = 7FD96E592176DDCE00709701 /* Solution556.swift */; };
		7FD96E5C2176E13A00709701 /* Solution556Test.swift in Sources */ = {isa = PBXBuildFile; fileRef = 7FD96E5B2176E13A00709701 /* Solution556Test.swift */; };
		7FD96E5D2176E14E00709701 /* Solution556.swift in Sources */ = {isa = PBXBuildFile; fileRef = 7FD96E592176DDCE00709701 /* Solution556.swift */; };
		7FD96E602178276A00709701 /* Solution89.swift in Sources */ = {isa = PBXBuildFile; fileRef = 7FD96E5F2178276A00709701 /* Solution89.swift */; };
		7FD96E62217828CE00709701 /* Solution89Test.swift in Sources */ = {isa = PBXBuildFile; fileRef = 7FD96E61217828CE00709701 /* Solution89Test.swift */; };
		7FD96E632178290200709701 /* Solution89.swift in Sources */ = {isa = PBXBuildFile; fileRef = 7FD96E5F2178276A00709701 /* Solution89.swift */; };
		7FD96E6521782B6600709701 /* Solution49.swift in Sources */ = {isa = PBXBuildFile; fileRef = 7FD96E6421782B6600709701 /* Solution49.swift */; };
		7FD96E6721782F4500709701 /* Solution49Test.swift in Sources */ = {isa = PBXBuildFile; fileRef = 7FD96E6621782F4500709701 /* Solution49Test.swift */; };
		7FD96E6821782F7100709701 /* Solution49.swift in Sources */ = {isa = PBXBuildFile; fileRef = 7FD96E6421782B6600709701 /* Solution49.swift */; };
		7FD96E6A217836C600709701 /* Solution260.swift in Sources */ = {isa = PBXBuildFile; fileRef = 7FD96E69217836C600709701 /* Solution260.swift */; };
		7FD96E6C2178383800709701 /* Solution260Test.swift in Sources */ = {isa = PBXBuildFile; fileRef = 7FD96E6B2178383800709701 /* Solution260Test.swift */; };
		7FD96E6D2178383F00709701 /* Solution260.swift in Sources */ = {isa = PBXBuildFile; fileRef = 7FD96E69217836C600709701 /* Solution260.swift */; };
		7FD96E6F21783BE400709701 /* Solution39.swift in Sources */ = {isa = PBXBuildFile; fileRef = 7FD96E6E21783BE400709701 /* Solution39.swift */; };
		7FD96E7021783BE800709701 /* Solution39.swift in Sources */ = {isa = PBXBuildFile; fileRef = 7FD96E6E21783BE400709701 /* Solution39.swift */; };
		7FD96E7421783E4F00709701 /* Solution39Test.swift in Sources */ = {isa = PBXBuildFile; fileRef = 7FD96E7321783E4F00709701 /* Solution39Test.swift */; };
		7FD96E762179878100709701 /* Solution40.swift in Sources */ = {isa = PBXBuildFile; fileRef = 7FD96E752179878100709701 /* Solution40.swift */; };
		7FD96E7921798B8100709701 /* Solution40.swift in Sources */ = {isa = PBXBuildFile; fileRef = 7FD96E752179878100709701 /* Solution40.swift */; };
		7FD96E7B2179949300709701 /* Solution40Test.swift in Sources */ = {isa = PBXBuildFile; fileRef = 7FD96E7A2179949300709701 /* Solution40Test.swift */; };
		7FD96E7D21799A0C00709701 /* Solution216.swift in Sources */ = {isa = PBXBuildFile; fileRef = 7FD96E7C21799A0C00709701 /* Solution216.swift */; };
		7FD96E7F21799B7600709701 /* Solution216Test.swift in Sources */ = {isa = PBXBuildFile; fileRef = 7FD96E7E21799B7600709701 /* Solution216Test.swift */; };
		7FD96E8021799B9D00709701 /* Solution216.swift in Sources */ = {isa = PBXBuildFile; fileRef = 7FD96E7C21799A0C00709701 /* Solution216.swift */; };
		7FD96E82217ABA0100709701 /* Solution377.swift in Sources */ = {isa = PBXBuildFile; fileRef = 7FD96E81217ABA0100709701 /* Solution377.swift */; };
		7FD96E83217ABB3500709701 /* Solution377.swift in Sources */ = {isa = PBXBuildFile; fileRef = 7FD96E81217ABA0100709701 /* Solution377.swift */; };
		7FD96E85217ABB4B00709701 /* Solution377Test.swift in Sources */ = {isa = PBXBuildFile; fileRef = 7FD96E84217ABB4B00709701 /* Solution377Test.swift */; };
		7FD96E87217AC08D00709701 /* Solution611.swift in Sources */ = {isa = PBXBuildFile; fileRef = 7FD96E86217AC08D00709701 /* Solution611.swift */; };
		7FD96E88217AC2AA00709701 /* Solution611.swift in Sources */ = {isa = PBXBuildFile; fileRef = 7FD96E86217AC08D00709701 /* Solution611.swift */; };
		7FD96E8C217AC2D400709701 /* Solution611Test.swift in Sources */ = {isa = PBXBuildFile; fileRef = 7FD96E8B217AC2D400709701 /* Solution611Test.swift */; };
		7FD96E8E217ACF7B00709701 /* Solution15.swift in Sources */ = {isa = PBXBuildFile; fileRef = 7FD96E8D217ACF7B00709701 /* Solution15.swift */; };
		7FD96E90217AD21200709701 /* Solution15Test.swift in Sources */ = {isa = PBXBuildFile; fileRef = 7FD96E8F217AD21200709701 /* Solution15Test.swift */; };
		7FD96E91217AD22000709701 /* Solution15.swift in Sources */ = {isa = PBXBuildFile; fileRef = 7FD96E8D217ACF7B00709701 /* Solution15.swift */; };
		7FD96E93217AD5D500709701 /* Solution16.swift in Sources */ = {isa = PBXBuildFile; fileRef = 7FD96E92217AD5D500709701 /* Solution16.swift */; };
		7FD96E94217AD5D800709701 /* Solution16.swift in Sources */ = {isa = PBXBuildFile; fileRef = 7FD96E92217AD5D500709701 /* Solution16.swift */; };
		7FD96E96217AD7E400709701 /* Solution16Test.swift in Sources */ = {isa = PBXBuildFile; fileRef = 7FD96E95217AD7E400709701 /* Solution16Test.swift */; };
		7FD96E99217AEBE500709701 /* Solution561.swift in Sources */ = {isa = PBXBuildFile; fileRef = 7FD96E98217AEBE500709701 /* Solution561.swift */; };
		7FD96E9B217AECAC00709701 /* Solution561Test.swift in Sources */ = {isa = PBXBuildFile; fileRef = 7FD96E9A217AECAC00709701 /* Solution561Test.swift */; };
		7FD96E9C217AECD400709701 /* Solution561.swift in Sources */ = {isa = PBXBuildFile; fileRef = 7FD96E98217AEBE500709701 /* Solution561.swift */; };
		7FD96E9E217AF88C00709701 /* Solution128.swift in Sources */ = {isa = PBXBuildFile; fileRef = 7FD96E9D217AF88C00709701 /* Solution128.swift */; };
		7FD96E9F217AF88C00709701 /* Solution128.swift in Sources */ = {isa = PBXBuildFile; fileRef = 7FD96E9D217AF88C00709701 /* Solution128.swift */; };
		7FD96EA1217B00C500709701 /* Solution128Test.swift in Sources */ = {isa = PBXBuildFile; fileRef = 7FD96EA0217B00C500709701 /* Solution128Test.swift */; };
		7FD96EA3217BCDB400709701 /* Solution55.swift in Sources */ = {isa = PBXBuildFile; fileRef = 7FD96EA2217BCDB400709701 /* Solution55.swift */; };
		7FD96EA4217BCDB400709701 /* Solution55.swift in Sources */ = {isa = PBXBuildFile; fileRef = 7FD96EA2217BCDB400709701 /* Solution55.swift */; };
		7FD96EA6217BCED200709701 /* Solution55Test.swift in Sources */ = {isa = PBXBuildFile; fileRef = 7FD96EA5217BCED200709701 /* Solution55Test.swift */; };
		7FD96EA8217BD56500709701 /* Solution45.swift in Sources */ = {isa = PBXBuildFile; fileRef = 7FD96EA7217BD56500709701 /* Solution45.swift */; };
		7FD96EA9217BD56500709701 /* Solution45.swift in Sources */ = {isa = PBXBuildFile; fileRef = 7FD96EA7217BD56500709701 /* Solution45.swift */; };
		7FD96EAE217BD5D000709701 /* Solution45Test.swift in Sources */ = {isa = PBXBuildFile; fileRef = 7FD96EAD217BD5D000709701 /* Solution45Test.swift */; };
		7FD96EB0217BE4A100709701 /* Solution532.swift in Sources */ = {isa = PBXBuildFile; fileRef = 7FD96EAF217BE4A100709701 /* Solution532.swift */; };
		7FD96EB1217BE4A100709701 /* Solution532.swift in Sources */ = {isa = PBXBuildFile; fileRef = 7FD96EAF217BE4A100709701 /* Solution532.swift */; };
		7FD96EB3217BE53A00709701 /* Solution532Test.swift in Sources */ = {isa = PBXBuildFile; fileRef = 7FD96EB2217BE53A00709701 /* Solution532Test.swift */; };
		7FD96EB5217BE7DF00709701 /* Solution118.swift in Sources */ = {isa = PBXBuildFile; fileRef = 7FD96EB4217BE7DF00709701 /* Solution118.swift */; };
		7FD96EB6217BE7DF00709701 /* Solution118.swift in Sources */ = {isa = PBXBuildFile; fileRef = 7FD96EB4217BE7DF00709701 /* Solution118.swift */; };
		7FD96EBC217BE99300709701 /* Solution118Test.swift in Sources */ = {isa = PBXBuildFile; fileRef = 7FD96EBB217BE99300709701 /* Solution118Test.swift */; };
		7FD96EBE217BEC1A00709701 /* Solution530.swift in Sources */ = {isa = PBXBuildFile; fileRef = 7FD96EBD217BEC1A00709701 /* Solution530.swift */; };
		7FD96EBF217BEC1A00709701 /* Solution530.swift in Sources */ = {isa = PBXBuildFile; fileRef = 7FD96EBD217BEC1A00709701 /* Solution530.swift */; };
		7FD96EC1217BEC5300709701 /* DataModel.swift in Sources */ = {isa = PBXBuildFile; fileRef = 7FD96EC0217BEC5300709701 /* DataModel.swift */; };
		7FD96EC2217BEC5300709701 /* DataModel.swift in Sources */ = {isa = PBXBuildFile; fileRef = 7FD96EC0217BEC5300709701 /* DataModel.swift */; };
		7FD96EC4217BFF2C00709701 /* Solution33.swift in Sources */ = {isa = PBXBuildFile; fileRef = 7FD96EC3217BFF2C00709701 /* Solution33.swift */; };
		7FD96EC5217BFF2C00709701 /* Solution33.swift in Sources */ = {isa = PBXBuildFile; fileRef = 7FD96EC3217BFF2C00709701 /* Solution33.swift */; };
/* End PBXBuildFile section */

/* Begin PBXCopyFilesBuildPhase section */
		7FD96E0B2173070800709701 /* CopyFiles */ = {
			isa = PBXCopyFilesBuildPhase;
			buildActionMask = 2147483647;
			dstPath = /usr/share/man/man1/;
			dstSubfolderSpec = 0;
			files = (
			);
			runOnlyForDeploymentPostprocessing = 1;
		};
/* End PBXCopyFilesBuildPhase section */

/* Begin PBXFileReference section */
		7F00F1752177EB5C0025A71E /* Solution60.swift */ = {isa = PBXFileReference; lastKnownFileType = sourcecode.swift; path = Solution60.swift; sourceTree = "<group>"; };
		7F00F1772177F08E0025A71E /* Solution60Test.swift */ = {isa = PBXFileReference; lastKnownFileType = sourcecode.swift; path = Solution60Test.swift; sourceTree = "<group>"; };
		7F00F17A2177FE070025A71E /* Solution717.swift */ = {isa = PBXFileReference; lastKnownFileType = sourcecode.swift; path = Solution717.swift; sourceTree = "<group>"; };
		7F00F17C2178002A0025A71E /* Solution717Test.swift */ = {isa = PBXFileReference; lastKnownFileType = sourcecode.swift; path = Solution717Test.swift; sourceTree = "<group>"; };
		7F281BB82184F98D00EA1425 /* Solution67.swift */ = {isa = PBXFileReference; lastKnownFileType = sourcecode.swift; path = Solution67.swift; sourceTree = "<group>"; };
		7F281BBA2184FEFD00EA1425 /* Solution67Test.swift */ = {isa = PBXFileReference; lastKnownFileType = sourcecode.swift; path = Solution67Test.swift; sourceTree = "<group>"; };
		7F281BBD2185012500EA1425 /* Solution78.swift */ = {isa = PBXFileReference; lastKnownFileType = sourcecode.swift; path = Solution78.swift; sourceTree = "<group>"; };
		7F281BBF2185042500EA1425 /* Solution78Test.swift */ = {isa = PBXFileReference; lastKnownFileType = sourcecode.swift; path = Solution78Test.swift; sourceTree = "<group>"; };
		7F281BC22185061600EA1425 /* Solution125.swift */ = {isa = PBXFileReference; lastKnownFileType = sourcecode.swift; path = Solution125.swift; sourceTree = "<group>"; };
		7F281BC5218506CE00EA1425 /* Solution125Test.swift */ = {isa = PBXFileReference; lastKnownFileType = sourcecode.swift; path = Solution125Test.swift; sourceTree = "<group>"; };
		7F281BC721850E7700EA1425 /* Solution206.swift */ = {isa = PBXFileReference; lastKnownFileType = sourcecode.swift; path = Solution206.swift; sourceTree = "<group>"; };
		7F281BCA218510E600EA1425 /* Solution206Test.swift */ = {isa = PBXFileReference; lastKnownFileType = sourcecode.swift; path = Solution206Test.swift; sourceTree = "<group>"; };
		7F281BCC2185174E00EA1425 /* Solution234.swift */ = {isa = PBXFileReference; lastKnownFileType = sourcecode.swift; path = Solution234.swift; sourceTree = "<group>"; };
		7F281BCF21851A4D00EA1425 /* Solution234Test.swift */ = {isa = PBXFileReference; lastKnownFileType = sourcecode.swift; path = Solution234Test.swift; sourceTree = "<group>"; };
		7F281BD121851CA000EA1425 /* Solution9.swift */ = {isa = PBXFileReference; lastKnownFileType = sourcecode.swift; path = Solution9.swift; sourceTree = "<group>"; };
		7F281BD421851D8600EA1425 /* Solution9Test.swift */ = {isa = PBXFileReference; lastKnownFileType = sourcecode.swift; path = Solution9Test.swift; sourceTree = "<group>"; };
		7F281BD62185202200EA1425 /* SolutionBitOperation.swift */ = {isa = PBXFileReference; lastKnownFileType = sourcecode.swift; path = SolutionBitOperation.swift; sourceTree = "<group>"; };
		7F281BD9218520BF00EA1425 /* SolutionBitOperationTest.swift */ = {isa = PBXFileReference; lastKnownFileType = sourcecode.swift; path = SolutionBitOperationTest.swift; sourceTree = "<group>"; };
		7F3E81DF2182AC5800B4661F /* Solution5.swift */ = {isa = PBXFileReference; lastKnownFileType = sourcecode.swift; path = Solution5.swift; sourceTree = "<group>"; };
		7F3E81E22182AEE700B4661F /* Solution5Test.swift */ = {isa = PBXFileReference; lastKnownFileType = sourcecode.swift; path = Solution5Test.swift; sourceTree = "<group>"; };
		7F3E81E42182B9CC00B4661F /* Solution266.swift */ = {isa = PBXFileReference; lastKnownFileType = sourcecode.swift; path = Solution266.swift; sourceTree = "<group>"; };
		7F3E81E72182BA7C00B4661F /* Solution266Test.swift */ = {isa = PBXFileReference; lastKnownFileType = sourcecode.swift; path = Solution266Test.swift; sourceTree = "<group>"; };
		7F3E81E92182BB8A00B4661F /* Solution242.swift */ = {isa = PBXFileReference; lastKnownFileType = sourcecode.swift; path = Solution242.swift; sourceTree = "<group>"; };
		7F3E81EC2182BE1200B4661F /* Solution516.swift */ = {isa = PBXFileReference; lastKnownFileType = sourcecode.swift; path = Solution516.swift; sourceTree = "<group>"; };
		7F3E81EF2182BF5E00B4661F /* Solution516Test.swift */ = {isa = PBXFileReference; lastKnownFileType = sourcecode.swift; path = Solution516Test.swift; sourceTree = "<group>"; };
		7F3E81F12182C78C00B4661F /* Solution621.swift */ = {isa = PBXFileReference; lastKnownFileType = sourcecode.swift; path = Solution621.swift; sourceTree = "<group>"; };
		7F3E81F42182C92900B4661F /* Solution621Test.swift */ = {isa = PBXFileReference; lastKnownFileType = sourcecode.swift; path = Solution621Test.swift; sourceTree = "<group>"; };
		7F6541B72176836900DB2813 /* Solution645.swift */ = {isa = PBXFileReference; lastKnownFileType = sourcecode.swift; path = Solution645.swift; sourceTree = "<group>"; };
		7F6541B92176843A00DB2813 /* Solution645Test.swift */ = {isa = PBXFileReference; lastKnownFileType = sourcecode.swift; path = Solution645Test.swift; sourceTree = "<group>"; };
		7F6541BC21768CF000DB2813 /* Solution299.swift */ = {isa = PBXFileReference; lastKnownFileType = sourcecode.swift; path = Solution299.swift; sourceTree = "<group>"; };
		7F6541BE2176906A00DB2813 /* Solution299Test.swift */ = {isa = PBXFileReference; lastKnownFileType = sourcecode.swift; path = Solution299Test.swift; sourceTree = "<group>"; };
		7F6541C12176964A00DB2813 /* Solution739.swift */ = {isa = PBXFileReference; lastKnownFileType = sourcecode.swift; path = Solution739.swift; sourceTree = "<group>"; };
		7F6541C32176971F00DB2813 /* Solution739Test.swift */ = {isa = PBXFileReference; lastKnownFileType = sourcecode.swift; path = Solution739Test.swift; sourceTree = "<group>"; };
		7F6541C72177A59000DB2813 /* Solution46.swift */ = {isa = PBXFileReference; lastKnownFileType = sourcecode.swift; path = Solution46.swift; sourceTree = "<group>"; };
		7F6541CC2177A9D000DB2813 /* Solution46Test.swift */ = {isa = PBXFileReference; lastKnownFileType = sourcecode.swift; path = Solution46Test.swift; sourceTree = "<group>"; };
		7F6541CE2177AC7800DB2813 /* Solution31.swift */ = {isa = PBXFileReference; lastKnownFileType = sourcecode.swift; path = Solution31.swift; sourceTree = "<group>"; };
		7F6541D02177AE4C00DB2813 /* Solution31Test.swift */ = {isa = PBXFileReference; lastKnownFileType = sourcecode.swift; path = Solution31Test.swift; sourceTree = "<group>"; };
		7F6541D32177B75300DB2813 /* Solution77.swift */ = {isa = PBXFileReference; lastKnownFileType = sourcecode.swift; path = Solution77.swift; sourceTree = "<group>"; };
		7F6541D52177B87400DB2813 /* Solution77Test.swift */ = {isa = PBXFileReference; lastKnownFileType = sourcecode.swift; path = Solution77Test.swift; sourceTree = "<group>"; };
		7F6541D82177CDDB00DB2813 /* Solution47.swift */ = {isa = PBXFileReference; lastKnownFileType = sourcecode.swift; path = Solution47.swift; sourceTree = "<group>"; };
		7F6541DA2177CF4B00DB2813 /* Solution47Test.swift */ = {isa = PBXFileReference; lastKnownFileType = sourcecode.swift; path = Solution47Test.swift; sourceTree = "<group>"; };
		7F6F04C6217E836B00B93A05 /* Solution720.swift */ = {isa = PBXFileReference; lastKnownFileType = sourcecode.swift; path = Solution720.swift; sourceTree = "<group>"; };
		7F6F04C9217E863F00B93A05 /* Solution720Test.swift */ = {isa = PBXFileReference; lastKnownFileType = sourcecode.swift; path = Solution720Test.swift; sourceTree = "<group>"; };
		7F6F04CB217E8AA300B93A05 /* Solution524.swift */ = {isa = PBXFileReference; lastKnownFileType = sourcecode.swift; path = Solution524.swift; sourceTree = "<group>"; };
		7F6F04CE217E8DA300B93A05 /* Solution524Test.swift */ = {isa = PBXFileReference; lastKnownFileType = sourcecode.swift; path = Solution524Test.swift; sourceTree = "<group>"; };
		7F6F04D0217E921700B93A05 /* Solution713.swift */ = {isa = PBXFileReference; lastKnownFileType = sourcecode.swift; path = Solution713.swift; sourceTree = "<group>"; };
		7F6F04D3217E92DB00B93A05 /* Solution713Test.swift */ = {isa = PBXFileReference; lastKnownFileType = sourcecode.swift; path = Solution713Test.swift; sourceTree = "<group>"; };
		7F9DBD40217D67390033671C /* Solution674.swift */ = {isa = PBXFileReference; lastKnownFileType = sourcecode.swift; path = Solution674.swift; sourceTree = "<group>"; };
		7F9DBD43217D68260033671C /* Solution674Test.swift */ = {isa = PBXFileReference; lastKnownFileType = sourcecode.swift; path = Solution674Test.swift; sourceTree = "<group>"; };
		7F9DBD45217D69370033671C /* Solution673.swift */ = {isa = PBXFileReference; lastKnownFileType = sourcecode.swift; path = Solution673.swift; sourceTree = "<group>"; };
		7F9DBD48217D6F380033671C /* Solution673Test.swift */ = {isa = PBXFileReference; lastKnownFileType = sourcecode.swift; path = Solution673Test.swift; sourceTree = "<group>"; };
		7F9DBD4A217D70A80033671C /* Solution300.swift */ = {isa = PBXFileReference; lastKnownFileType = sourcecode.swift; path = Solution300.swift; sourceTree = "<group>"; };
		7F9DBD4D217D71C30033671C /* Solution300Test.swift */ = {isa = PBXFileReference; lastKnownFileType = sourcecode.swift; path = Solution300Test.swift; sourceTree = "<group>"; };
		7F9DBD4F217D76560033671C /* Solution334.swift */ = {isa = PBXFileReference; lastKnownFileType = sourcecode.swift; path = Solution334.swift; sourceTree = "<group>"; };
		7F9DBD52217D784B0033671C /* Solution334Test.swift */ = {isa = PBXFileReference; lastKnownFileType = sourcecode.swift; path = Solution334Test.swift; sourceTree = "<group>"; };
		7F9DBD54217D78BF0033671C /* Solution523.swift */ = {isa = PBXFileReference; lastKnownFileType = sourcecode.swift; path = Solution523.swift; sourceTree = "<group>"; };
		7F9DBD57217D7A9B0033671C /* Solution523Test.swift */ = {isa = PBXFileReference; lastKnownFileType = sourcecode.swift; path = Solution523Test.swift; sourceTree = "<group>"; };
		7F9DBD59217EAFBB0033671C /* Solution53.swift */ = {isa = PBXFileReference; lastKnownFileType = sourcecode.swift; path = Solution53.swift; sourceTree = "<group>"; };
		7F9DBD5C217EB2CE0033671C /* Solution53Test.swift */ = {isa = PBXFileReference; lastKnownFileType = sourcecode.swift; path = Solution53Test.swift; sourceTree = "<group>"; };
		7F9DBD5E217EB7600033671C /* Solution152.swift */ = {isa = PBXFileReference; lastKnownFileType = sourcecode.swift; path = Solution152.swift; sourceTree = "<group>"; };
		7F9DBD61217EBFC80033671C /* Solution152Test.swift */ = {isa = PBXFileReference; lastKnownFileType = sourcecode.swift; path = Solution152Test.swift; sourceTree = "<group>"; };
		7F9DBD63217EC70D0033671C /* Solution121.swift */ = {isa = PBXFileReference; lastKnownFileType = sourcecode.swift; path = Solution121.swift; sourceTree = "<group>"; };
		7F9DBD66217EC7F50033671C /* Solution121Test.swift */ = {isa = PBXFileReference; lastKnownFileType = sourcecode.swift; path = Solution121Test.swift; sourceTree = "<group>"; };
		7F9DBD68217ECADF0033671C /* Solution122.swift */ = {isa = PBXFileReference; lastKnownFileType = sourcecode.swift; path = Solution122.swift; sourceTree = "<group>"; };
		7F9DBD6B217ECB2F0033671C /* Solution122Test.swift */ = {isa = PBXFileReference; lastKnownFileType = sourcecode.swift; path = Solution122Test.swift; sourceTree = "<group>"; };
		7F9DBD6D217ECC5B0033671C /* Solution220.swift */ = {isa = PBXFileReference; lastKnownFileType = sourcecode.swift; path = Solution220.swift; sourceTree = "<group>"; };
		7F9DBD70217ED12A0033671C /* Solution220Test.swift */ = {isa = PBXFileReference; lastKnownFileType = sourcecode.swift; path = Solution220Test.swift; sourceTree = "<group>"; };
		7F9DBD72218027CF0033671C /* Solution217.swift */ = {isa = PBXFileReference; lastKnownFileType = sourcecode.swift; path = Solution217.swift; sourceTree = "<group>"; };
		7F9DBD752180288D0033671C /* Solution217Test.swift */ = {isa = PBXFileReference; lastKnownFileType = sourcecode.swift; path = Solution217Test.swift; sourceTree = "<group>"; };
		7F9DBD77218029AF0033671C /* Solution219.swift */ = {isa = PBXFileReference; lastKnownFileType = sourcecode.swift; path = Solution219.swift; sourceTree = "<group>"; };
		7F9DBD7A21802B0E0033671C /* Solution219Test.swift */ = {isa = PBXFileReference; lastKnownFileType = sourcecode.swift; path = Solution219Test.swift; sourceTree = "<group>"; };
		7F9DBD7C21802C1E0033671C /* Solution718.swift */ = {isa = PBXFileReference; lastKnownFileType = sourcecode.swift; path = Solution718.swift; sourceTree = "<group>"; };
		7F9DBD7F218035990033671C /* Solution718Test.swift */ = {isa = PBXFileReference; lastKnownFileType = sourcecode.swift; path = Solution718Test.swift; sourceTree = "<group>"; };
		7F9DBD8121814FA50033671C /* Solution209.swift */ = {isa = PBXFileReference; lastKnownFileType = sourcecode.swift; path = Solution209.swift; sourceTree = "<group>"; };
		7F9DBD84218152620033671C /* Solution209Test.swift */ = {isa = PBXFileReference; lastKnownFileType = sourcecode.swift; path = Solution209Test.swift; sourceTree = "<group>"; };
		7F9DBD862181577B0033671C /* Solution697.swift */ = {isa = PBXFileReference; lastKnownFileType = sourcecode.swift; path = Solution697.swift; sourceTree = "<group>"; };
		7F9DBD89218159C90033671C /* Solution697Test.swift */ = {isa = PBXFileReference; lastKnownFileType = sourcecode.swift; path = Solution697Test.swift; sourceTree = "<group>"; };
		7F9DBD8B21815FF40033671C /* Solution840.swift */ = {isa = PBXFileReference; lastKnownFileType = sourcecode.swift; path = Solution840.swift; sourceTree = "<group>"; };
		7F9DBD91218164E00033671C /* Solution840Test.swift */ = {isa = PBXFileReference; lastKnownFileType = sourcecode.swift; path = Solution840Test.swift; sourceTree = "<group>"; };
		7F9DBD93218167BB0033671C /* Solution18.swift */ = {isa = PBXFileReference; lastKnownFileType = sourcecode.swift; path = Solution18.swift; sourceTree = "<group>"; };
		7F9DBD9921816B8D0033671C /* Solution18Test.swift */ = {isa = PBXFileReference; lastKnownFileType = sourcecode.swift; path = Solution18Test.swift; sourceTree = "<group>"; };
		7F9DBD9B218178F50033671C /* Solution647.swift */ = {isa = PBXFileReference; lastKnownFileType = sourcecode.swift; path = Solution647.swift; sourceTree = "<group>"; };
		7F9DBD9E21817C210033671C /* Solution647Test.swift */ = {isa = PBXFileReference; lastKnownFileType = sourcecode.swift; path = Solution647Test.swift; sourceTree = "<group>"; };
		7FA4D30E217C022C0089A31B /* Solution33Test.swift */ = {isa = PBXFileReference; lastKnownFileType = sourcecode.swift; path = Solution33Test.swift; sourceTree = "<group>"; };
		7FA4D310217C04EA0089A31B /* Solution153.swift */ = {isa = PBXFileReference; lastKnownFileType = sourcecode.swift; path = Solution153.swift; sourceTree = "<group>"; };
		7FA4D313217C06100089A31B /* Solution153Test.swift */ = {isa = PBXFileReference; lastKnownFileType = sourcecode.swift; path = Solution153Test.swift; sourceTree = "<group>"; };
		7FA4D315217C0A420089A31B /* Solution724.swift */ = {isa = PBXFileReference; lastKnownFileType = sourcecode.swift; path = Solution724.swift; sourceTree = "<group>"; };
		7FA4D318217C0EB30089A31B /* Solution724Test.swift */ = {isa = PBXFileReference; lastKnownFileType = sourcecode.swift; path = Solution724Test.swift; sourceTree = "<group>"; };
		7FA4D31A217C12130089A31B /* Solution560.swift */ = {isa = PBXFileReference; lastKnownFileType = sourcecode.swift; path = Solution560.swift; sourceTree = "<group>"; };
		7FA4D31D217C15050089A31B /* Solution560Test.swift */ = {isa = PBXFileReference; lastKnownFileType = sourcecode.swift; path = Solution560Test.swift; sourceTree = "<group>"; };
		7FA4D31F217C19A50089A31B /* Solution169.swift */ = {isa = PBXFileReference; lastKnownFileType = sourcecode.swift; path = Solution169.swift; sourceTree = "<group>"; };
		7FA4D322217C1A560089A31B /* Solution169Test.swift */ = {isa = PBXFileReference; lastKnownFileType = sourcecode.swift; path = Solution169Test.swift; sourceTree = "<group>"; };
		7FA4D324217C1B2A0089A31B /* Solution229.swift */ = {isa = PBXFileReference; lastKnownFileType = sourcecode.swift; path = Solution229.swift; sourceTree = "<group>"; };
		7FA4D32A217C1F110089A31B /* Solution229Test.swift */ = {isa = PBXFileReference; lastKnownFileType = sourcecode.swift; path = Solution229Test.swift; sourceTree = "<group>"; };
		7FD96E0D2173070800709701 /* LeetCode */ = {isa = PBXFileReference; explicitFileType = "compiled.mach-o.executable"; includeInIndex = 0; path = LeetCode; sourceTree = BUILT_PRODUCTS_DIR; };
		7FD96E102173070800709701 /* main.swift */ = {isa = PBXFileReference; lastKnownFileType = sourcecode.swift; path = main.swift; sourceTree = "<group>"; };
		7FD96E17217308D600709701 /* Solution917.swift */ = {isa = PBXFileReference; lastKnownFileType = sourcecode.swift; path = Solution917.swift; sourceTree = "<group>"; };
		7FD96E1F217313C000709701 /* LeetCodeTest.xctest */ = {isa = PBXFileReference; explicitFileType = wrapper.cfbundle; includeInIndex = 0; path = LeetCodeTest.xctest; sourceTree = BUILT_PRODUCTS_DIR; };
		7FD96E21217313C000709701 /* LeetCodeTest.swift */ = {isa = PBXFileReference; lastKnownFileType = sourcecode.swift; path = LeetCodeTest.swift; sourceTree = "<group>"; };
		7FD96E23217313C000709701 /* Info.plist */ = {isa = PBXFileReference; lastKnownFileType = text.plist.xml; path = Info.plist; sourceTree = "<group>"; };
		7FD96E282173142700709701 /* Solution917Test.swift */ = {isa = PBXFileReference; lastKnownFileType = sourcecode.swift; path = Solution917Test.swift; sourceTree = "<group>"; };
		7FD96E2B217315D800709701 /* Solution345.swift */ = {isa = PBXFileReference; lastKnownFileType = sourcecode.swift; path = Solution345.swift; sourceTree = "<group>"; };
		7FD96E2D217316D900709701 /* Solution345Test.swift */ = {isa = PBXFileReference; lastKnownFileType = sourcecode.swift; path = Solution345Test.swift; sourceTree = "<group>"; };
		7FD96E312174123700709701 /* Solution344.swift */ = {isa = PBXFileReference; lastKnownFileType = sourcecode.swift; path = Solution344.swift; sourceTree = "<group>"; };
		7FD96E332174134A00709701 /* Solution541.swift */ = {isa = PBXFileReference; lastKnownFileType = sourcecode.swift; path = Solution541.swift; sourceTree = "<group>"; };
		7FD96E3521741FA200709701 /* Solution541Test.swift */ = {isa = PBXFileReference; lastKnownFileType = sourcecode.swift; path = Solution541Test.swift; sourceTree = "<group>"; };
		7FD96E3821742BC700709701 /* Solution557.swift */ = {isa = PBXFileReference; lastKnownFileType = sourcecode.swift; path = Solution557.swift; sourceTree = "<group>"; };
		7FD96E3A217455C200709701 /* Solution557Test.swift */ = {isa = PBXFileReference; lastKnownFileType = sourcecode.swift; path = Solution557Test.swift; sourceTree = "<group>"; };
		7FD96E3D2174D94B00709701 /* Solution389.swift */ = {isa = PBXFileReference; lastKnownFileType = sourcecode.swift; path = Solution389.swift; sourceTree = "<group>"; };
		7FD96E3F2174DBAF00709701 /* Solution389Test.swift */ = {isa = PBXFileReference; lastKnownFileType = sourcecode.swift; path = Solution389Test.swift; sourceTree = "<group>"; };
		7FD96E4321758CE800709701 /* Solution136.swift */ = {isa = PBXFileReference; lastKnownFileType = sourcecode.swift; path = Solution136.swift; sourceTree = "<group>"; };
		7FD96E4521758F5700709701 /* Solution268.swift */ = {isa = PBXFileReference; lastKnownFileType = sourcecode.swift; path = Solution268.swift; sourceTree = "<group>"; };
		7FD96E472175903000709701 /* Solution287.swift */ = {isa = PBXFileReference; lastKnownFileType = sourcecode.swift; path = Solution287.swift; sourceTree = "<group>"; };
		7FD96E4921759C1F00709701 /* Solution137.swift */ = {isa = PBXFileReference; lastKnownFileType = sourcecode.swift; path = Solution137.swift; sourceTree = "<group>"; };
		7FD96E4B21759D8A00709701 /* Solution137Test.swift */ = {isa = PBXFileReference; lastKnownFileType = sourcecode.swift; path = Solution137Test.swift; sourceTree = "<group>"; };
		7FD96E4F2176BA2B00709701 /* Solution496.swift */ = {isa = PBXFileReference; lastKnownFileType = sourcecode.swift; path = Solution496.swift; sourceTree = "<group>"; };
		7FD96E512176BD4600709701 /* Solution496Test.swift */ = {isa = PBXFileReference; lastKnownFileType = sourcecode.swift; path = Solution496Test.swift; sourceTree = "<group>"; };
		7FD96E542176C38100709701 /* Solution503.swift */ = {isa = PBXFileReference; lastKnownFileType = sourcecode.swift; path = Solution503.swift; sourceTree = "<group>"; };
		7FD96E562176C5E400709701 /* Solution503Test.swift */ = {isa = PBXFileReference; lastKnownFileType = sourcecode.swift; path = Solution503Test.swift; sourceTree = "<group>"; };
		7FD96E592176DDCE00709701 /* Solution556.swift */ = {isa = PBXFileReference; lastKnownFileType = sourcecode.swift; path = Solution556.swift; sourceTree = "<group>"; };
		7FD96E5B2176E13A00709701 /* Solution556Test.swift */ = {isa = PBXFileReference; lastKnownFileType = sourcecode.swift; path = Solution556Test.swift; sourceTree = "<group>"; };
		7FD96E5F2178276A00709701 /* Solution89.swift */ = {isa = PBXFileReference; lastKnownFileType = sourcecode.swift; path = Solution89.swift; sourceTree = "<group>"; };
		7FD96E61217828CE00709701 /* Solution89Test.swift */ = {isa = PBXFileReference; lastKnownFileType = sourcecode.swift; path = Solution89Test.swift; sourceTree = "<group>"; };
		7FD96E6421782B6600709701 /* Solution49.swift */ = {isa = PBXFileReference; lastKnownFileType = sourcecode.swift; path = Solution49.swift; sourceTree = "<group>"; };
		7FD96E6621782F4500709701 /* Solution49Test.swift */ = {isa = PBXFileReference; lastKnownFileType = sourcecode.swift; path = Solution49Test.swift; sourceTree = "<group>"; };
		7FD96E69217836C600709701 /* Solution260.swift */ = {isa = PBXFileReference; lastKnownFileType = sourcecode.swift; path = Solution260.swift; sourceTree = "<group>"; };
		7FD96E6B2178383800709701 /* Solution260Test.swift */ = {isa = PBXFileReference; lastKnownFileType = sourcecode.swift; path = Solution260Test.swift; sourceTree = "<group>"; };
		7FD96E6E21783BE400709701 /* Solution39.swift */ = {isa = PBXFileReference; lastKnownFileType = sourcecode.swift; path = Solution39.swift; sourceTree = "<group>"; };
		7FD96E7321783E4F00709701 /* Solution39Test.swift */ = {isa = PBXFileReference; lastKnownFileType = sourcecode.swift; path = Solution39Test.swift; sourceTree = "<group>"; };
		7FD96E752179878100709701 /* Solution40.swift */ = {isa = PBXFileReference; lastKnownFileType = sourcecode.swift; path = Solution40.swift; sourceTree = "<group>"; };
		7FD96E7A2179949300709701 /* Solution40Test.swift */ = {isa = PBXFileReference; lastKnownFileType = sourcecode.swift; path = Solution40Test.swift; sourceTree = "<group>"; };
		7FD96E7C21799A0C00709701 /* Solution216.swift */ = {isa = PBXFileReference; lastKnownFileType = sourcecode.swift; path = Solution216.swift; sourceTree = "<group>"; };
		7FD96E7E21799B7600709701 /* Solution216Test.swift */ = {isa = PBXFileReference; lastKnownFileType = sourcecode.swift; path = Solution216Test.swift; sourceTree = "<group>"; };
		7FD96E81217ABA0100709701 /* Solution377.swift */ = {isa = PBXFileReference; lastKnownFileType = sourcecode.swift; path = Solution377.swift; sourceTree = "<group>"; };
		7FD96E84217ABB4B00709701 /* Solution377Test.swift */ = {isa = PBXFileReference; lastKnownFileType = sourcecode.swift; path = Solution377Test.swift; sourceTree = "<group>"; };
		7FD96E86217AC08D00709701 /* Solution611.swift */ = {isa = PBXFileReference; lastKnownFileType = sourcecode.swift; path = Solution611.swift; sourceTree = "<group>"; };
		7FD96E8B217AC2D400709701 /* Solution611Test.swift */ = {isa = PBXFileReference; lastKnownFileType = sourcecode.swift; path = Solution611Test.swift; sourceTree = "<group>"; };
		7FD96E8D217ACF7B00709701 /* Solution15.swift */ = {isa = PBXFileReference; lastKnownFileType = sourcecode.swift; path = Solution15.swift; sourceTree = "<group>"; };
		7FD96E8F217AD21200709701 /* Solution15Test.swift */ = {isa = PBXFileReference; lastKnownFileType = sourcecode.swift; path = Solution15Test.swift; sourceTree = "<group>"; };
		7FD96E92217AD5D500709701 /* Solution16.swift */ = {isa = PBXFileReference; lastKnownFileType = sourcecode.swift; path = Solution16.swift; sourceTree = "<group>"; };
		7FD96E95217AD7E400709701 /* Solution16Test.swift */ = {isa = PBXFileReference; lastKnownFileType = sourcecode.swift; path = Solution16Test.swift; sourceTree = "<group>"; };
		7FD96E98217AEBE500709701 /* Solution561.swift */ = {isa = PBXFileReference; lastKnownFileType = sourcecode.swift; path = Solution561.swift; sourceTree = "<group>"; };
		7FD96E9A217AECAC00709701 /* Solution561Test.swift */ = {isa = PBXFileReference; lastKnownFileType = sourcecode.swift; path = Solution561Test.swift; sourceTree = "<group>"; };
		7FD96E9D217AF88C00709701 /* Solution128.swift */ = {isa = PBXFileReference; lastKnownFileType = sourcecode.swift; path = Solution128.swift; sourceTree = "<group>"; };
		7FD96EA0217B00C500709701 /* Solution128Test.swift */ = {isa = PBXFileReference; lastKnownFileType = sourcecode.swift; path = Solution128Test.swift; sourceTree = "<group>"; };
		7FD96EA2217BCDB400709701 /* Solution55.swift */ = {isa = PBXFileReference; lastKnownFileType = sourcecode.swift; path = Solution55.swift; sourceTree = "<group>"; };
		7FD96EA5217BCED200709701 /* Solution55Test.swift */ = {isa = PBXFileReference; lastKnownFileType = sourcecode.swift; path = Solution55Test.swift; sourceTree = "<group>"; };
		7FD96EA7217BD56500709701 /* Solution45.swift */ = {isa = PBXFileReference; lastKnownFileType = sourcecode.swift; path = Solution45.swift; sourceTree = "<group>"; };
		7FD96EAD217BD5D000709701 /* Solution45Test.swift */ = {isa = PBXFileReference; lastKnownFileType = sourcecode.swift; path = Solution45Test.swift; sourceTree = "<group>"; };
		7FD96EAF217BE4A100709701 /* Solution532.swift */ = {isa = PBXFileReference; lastKnownFileType = sourcecode.swift; path = Solution532.swift; sourceTree = "<group>"; };
		7FD96EB2217BE53A00709701 /* Solution532Test.swift */ = {isa = PBXFileReference; lastKnownFileType = sourcecode.swift; path = Solution532Test.swift; sourceTree = "<group>"; };
		7FD96EB4217BE7DF00709701 /* Solution118.swift */ = {isa = PBXFileReference; lastKnownFileType = sourcecode.swift; path = Solution118.swift; sourceTree = "<group>"; };
		7FD96EBB217BE99300709701 /* Solution118Test.swift */ = {isa = PBXFileReference; lastKnownFileType = sourcecode.swift; path = Solution118Test.swift; sourceTree = "<group>"; };
		7FD96EBD217BEC1A00709701 /* Solution530.swift */ = {isa = PBXFileReference; lastKnownFileType = sourcecode.swift; path = Solution530.swift; sourceTree = "<group>"; };
		7FD96EC0217BEC5300709701 /* DataModel.swift */ = {isa = PBXFileReference; lastKnownFileType = sourcecode.swift; path = DataModel.swift; sourceTree = "<group>"; };
		7FD96EC3217BFF2C00709701 /* Solution33.swift */ = {isa = PBXFileReference; lastKnownFileType = sourcecode.swift; path = Solution33.swift; sourceTree = "<group>"; };
/* End PBXFileReference section */

/* Begin PBXFrameworksBuildPhase section */
		7FD96E0A2173070800709701 /* Frameworks */ = {
			isa = PBXFrameworksBuildPhase;
			buildActionMask = 2147483647;
			files = (
			);
			runOnlyForDeploymentPostprocessing = 0;
		};
		7FD96E1C217313C000709701 /* Frameworks */ = {
			isa = PBXFrameworksBuildPhase;
			buildActionMask = 2147483647;
			files = (
			);
			runOnlyForDeploymentPostprocessing = 0;
		};
/* End PBXFrameworksBuildPhase section */

/* Begin PBXGroup section */
		7FD96E042173070800709701 = {
			isa = PBXGroup;
			children = (
				7FD96E0F2173070800709701 /* LeetCode */,
				7FD96E20217313C000709701 /* LeetCodeTest */,
				7FD96E0E2173070800709701 /* Products */,
			);
			sourceTree = "<group>";
		};
		7FD96E0E2173070800709701 /* Products */ = {
			isa = PBXGroup;
			children = (
				7FD96E0D2173070800709701 /* LeetCode */,
				7FD96E1F217313C000709701 /* LeetCodeTest.xctest */,
			);
			name = Products;
			sourceTree = "<group>";
		};
		7FD96E0F2173070800709701 /* LeetCode */ = {
			isa = PBXGroup;
			children = (
				7FD96E412174DBC500709701 /* UnitTest */,
				7FD96E102173070800709701 /* main.swift */,
				7F281BD62185202200EA1425 /* SolutionBitOperation.swift */,
				7F281BD121851CA000EA1425 /* Solution9.swift */,
				7F281BCC2185174E00EA1425 /* Solution234.swift */,
				7F281BC721850E7700EA1425 /* Solution206.swift */,
				7F281BC22185061600EA1425 /* Solution125.swift */,
				7F281BBD2185012500EA1425 /* Solution78.swift */,
				7F281BB82184F98D00EA1425 /* Solution67.swift */,
				7F3E81F12182C78C00B4661F /* Solution621.swift */,
				7F3E81EC2182BE1200B4661F /* Solution516.swift */,
				7F3E81E92182BB8A00B4661F /* Solution242.swift */,
				7F3E81E42182B9CC00B4661F /* Solution266.swift */,
				7F3E81DF2182AC5800B4661F /* Solution5.swift */,
				7F9DBD9B218178F50033671C /* Solution647.swift */,
				7F9DBD93218167BB0033671C /* Solution18.swift */,
				7F9DBD8B21815FF40033671C /* Solution840.swift */,
				7F9DBD862181577B0033671C /* Solution697.swift */,
				7F9DBD8121814FA50033671C /* Solution209.swift */,
				7F9DBD7C21802C1E0033671C /* Solution718.swift */,
				7F9DBD77218029AF0033671C /* Solution219.swift */,
				7F9DBD72218027CF0033671C /* Solution217.swift */,
				7F9DBD6D217ECC5B0033671C /* Solution220.swift */,
				7F9DBD68217ECADF0033671C /* Solution122.swift */,
				7F9DBD63217EC70D0033671C /* Solution121.swift */,
				7F9DBD5E217EB7600033671C /* Solution152.swift */,
				7F9DBD59217EAFBB0033671C /* Solution53.swift */,
				7FD96E86217AC08D00709701 /* Solution611.swift */,
				7F6F04D0217E921700B93A05 /* Solution713.swift */,
				7F6F04CB217E8AA300B93A05 /* Solution524.swift */,
				7F9DBD54217D78BF0033671C /* Solution523.swift */,
				7F9DBD4F217D76560033671C /* Solution334.swift */,
				7F9DBD4A217D70A80033671C /* Solution300.swift */,
				7F9DBD45217D69370033671C /* Solution673.swift */,
				7F9DBD40217D67390033671C /* Solution674.swift */,
				7FA4D324217C1B2A0089A31B /* Solution229.swift */,
				7FA4D31F217C19A50089A31B /* Solution169.swift */,
				7FA4D31A217C12130089A31B /* Solution560.swift */,
				7FA4D310217C04EA0089A31B /* Solution153.swift */,
				7FD96EC3217BFF2C00709701 /* Solution33.swift */,
				7FD96EBD217BEC1A00709701 /* Solution530.swift */,
				7FD96EB4217BE7DF00709701 /* Solution118.swift */,
				7FD96EAF217BE4A100709701 /* Solution532.swift */,
				7FD96EA7217BD56500709701 /* Solution45.swift */,
				7FD96EA2217BCDB400709701 /* Solution55.swift */,
				7FD96E9D217AF88C00709701 /* Solution128.swift */,
				7FD96E98217AEBE500709701 /* Solution561.swift */,
				7FD96E92217AD5D500709701 /* Solution16.swift */,
				7FD96E8D217ACF7B00709701 /* Solution15.swift */,
				7FD96E81217ABA0100709701 /* Solution377.swift */,
				7FD96E7C21799A0C00709701 /* Solution216.swift */,
				7FD96E752179878100709701 /* Solution40.swift */,
				7FD96E6E21783BE400709701 /* Solution39.swift */,
				7FD96E69217836C600709701 /* Solution260.swift */,
				7FD96E6421782B6600709701 /* Solution49.swift */,
				7FD96E5F2178276A00709701 /* Solution89.swift */,
				7F00F17A2177FE070025A71E /* Solution717.swift */,
				7F00F1752177EB5C0025A71E /* Solution60.swift */,
				7F6541D82177CDDB00DB2813 /* Solution47.swift */,
				7F6541D32177B75300DB2813 /* Solution77.swift */,
				7F6541CE2177AC7800DB2813 /* Solution31.swift */,
				7F6541C72177A59000DB2813 /* Solution46.swift */,
				7FD96E592176DDCE00709701 /* Solution556.swift */,
				7FD96E542176C38100709701 /* Solution503.swift */,
				7F6541C12176964A00DB2813 /* Solution739.swift */,
				7FD96E4921759C1F00709701 /* Solution137.swift */,
				7F6541BC21768CF000DB2813 /* Solution299.swift */,
				7FD96E2B217315D800709701 /* Solution345.swift */,
				7FD96E3D2174D94B00709701 /* Solution389.swift */,
				7FD96E4F2176BA2B00709701 /* Solution496.swift */,
				7FD96E312174123700709701 /* Solution344.swift */,
				7FD96E332174134A00709701 /* Solution541.swift */,
				7FD96E3821742BC700709701 /* Solution557.swift */,
				7FD96E4321758CE800709701 /* Solution136.swift */,
				7FD96E4521758F5700709701 /* Solution268.swift */,
				7FD96E472175903000709701 /* Solution287.swift */,
				7F6541B72176836900DB2813 /* Solution645.swift */,
				7FD96E17217308D600709701 /* Solution917.swift */,
				7FD96EC0217BEC5300709701 /* DataModel.swift */,
				7FA4D315217C0A420089A31B /* Solution724.swift */,
				7F6F04C6217E836B00B93A05 /* Solution720.swift */,
			);
			path = LeetCode;
			sourceTree = "<group>";
		};
		7FD96E20217313C000709701 /* LeetCodeTest */ = {
			isa = PBXGroup;
			children = (
				7FD96E21217313C000709701 /* LeetCodeTest.swift */,
				7FD96E23217313C000709701 /* Info.plist */,
			);
			path = LeetCodeTest;
			sourceTree = "<group>";
		};
		7FD96E412174DBC500709701 /* UnitTest */ = {
			isa = PBXGroup;
			children = (
				7FD96E2D217316D900709701 /* Solution345Test.swift */,
				7FD96E3F2174DBAF00709701 /* Solution389Test.swift */,
				7FD96E3521741FA200709701 /* Solution541Test.swift */,
				7FD96E3A217455C200709701 /* Solution557Test.swift */,
				7FD96E282173142700709701 /* Solution917Test.swift */,
				7FD96E4B21759D8A00709701 /* Solution137Test.swift */,
				7F6541B92176843A00DB2813 /* Solution645Test.swift */,
				7F6541BE2176906A00DB2813 /* Solution299Test.swift */,
				7F6541C32176971F00DB2813 /* Solution739Test.swift */,
				7FD96E512176BD4600709701 /* Solution496Test.swift */,
				7FD96E562176C5E400709701 /* Solution503Test.swift */,
				7FD96E5B2176E13A00709701 /* Solution556Test.swift */,
				7F6541CC2177A9D000DB2813 /* Solution46Test.swift */,
				7F6541D02177AE4C00DB2813 /* Solution31Test.swift */,
				7F6541D52177B87400DB2813 /* Solution77Test.swift */,
				7F6541DA2177CF4B00DB2813 /* Solution47Test.swift */,
				7F00F1772177F08E0025A71E /* Solution60Test.swift */,
				7F00F17C2178002A0025A71E /* Solution717Test.swift */,
				7FD96E61217828CE00709701 /* Solution89Test.swift */,
				7FD96E6621782F4500709701 /* Solution49Test.swift */,
				7FD96E6B2178383800709701 /* Solution260Test.swift */,
				7FD96E7321783E4F00709701 /* Solution39Test.swift */,
				7FD96E7A2179949300709701 /* Solution40Test.swift */,
				7FD96E7E21799B7600709701 /* Solution216Test.swift */,
				7FD96E84217ABB4B00709701 /* Solution377Test.swift */,
				7FD96E8B217AC2D400709701 /* Solution611Test.swift */,
				7FD96E8F217AD21200709701 /* Solution15Test.swift */,
				7FD96E95217AD7E400709701 /* Solution16Test.swift */,
				7FD96E9A217AECAC00709701 /* Solution561Test.swift */,
				7FD96EA0217B00C500709701 /* Solution128Test.swift */,
				7FD96EA5217BCED200709701 /* Solution55Test.swift */,
				7FD96EAD217BD5D000709701 /* Solution45Test.swift */,
				7FD96EB2217BE53A00709701 /* Solution532Test.swift */,
				7FD96EBB217BE99300709701 /* Solution118Test.swift */,
				7FA4D30E217C022C0089A31B /* Solution33Test.swift */,
				7FA4D313217C06100089A31B /* Solution153Test.swift */,
				7FA4D318217C0EB30089A31B /* Solution724Test.swift */,
				7FA4D31D217C15050089A31B /* Solution560Test.swift */,
				7FA4D322217C1A560089A31B /* Solution169Test.swift */,
				7FA4D32A217C1F110089A31B /* Solution229Test.swift */,
				7F9DBD43217D68260033671C /* Solution674Test.swift */,
				7F9DBD48217D6F380033671C /* Solution673Test.swift */,
				7F9DBD4D217D71C30033671C /* Solution300Test.swift */,
				7F9DBD52217D784B0033671C /* Solution334Test.swift */,
				7F9DBD57217D7A9B0033671C /* Solution523Test.swift */,
				7F6F04C9217E863F00B93A05 /* Solution720Test.swift */,
				7F6F04CE217E8DA300B93A05 /* Solution524Test.swift */,
				7F6F04D3217E92DB00B93A05 /* Solution713Test.swift */,
				7F9DBD5C217EB2CE0033671C /* Solution53Test.swift */,
				7F9DBD61217EBFC80033671C /* Solution152Test.swift */,
				7F9DBD66217EC7F50033671C /* Solution121Test.swift */,
				7F9DBD6B217ECB2F0033671C /* Solution122Test.swift */,
				7F9DBD70217ED12A0033671C /* Solution220Test.swift */,
				7F9DBD752180288D0033671C /* Solution217Test.swift */,
				7F9DBD7A21802B0E0033671C /* Solution219Test.swift */,
				7F9DBD7F218035990033671C /* Solution718Test.swift */,
				7F9DBD84218152620033671C /* Solution209Test.swift */,
				7F9DBD89218159C90033671C /* Solution697Test.swift */,
				7F9DBD91218164E00033671C /* Solution840Test.swift */,
				7F9DBD9921816B8D0033671C /* Solution18Test.swift */,
				7F9DBD9E21817C210033671C /* Solution647Test.swift */,
				7F3E81E22182AEE700B4661F /* Solution5Test.swift */,
				7F3E81E72182BA7C00B4661F /* Solution266Test.swift */,
				7F3E81EF2182BF5E00B4661F /* Solution516Test.swift */,
				7F3E81F42182C92900B4661F /* Solution621Test.swift */,
				7F281BBA2184FEFD00EA1425 /* Solution67Test.swift */,
				7F281BBF2185042500EA1425 /* Solution78Test.swift */,
				7F281BC5218506CE00EA1425 /* Solution125Test.swift */,
				7F281BCA218510E600EA1425 /* Solution206Test.swift */,
				7F281BCF21851A4D00EA1425 /* Solution234Test.swift */,
				7F281BD421851D8600EA1425 /* Solution9Test.swift */,
				7F281BD9218520BF00EA1425 /* SolutionBitOperationTest.swift */,
			);
			path = UnitTest;
			sourceTree = "<group>";
		};
/* End PBXGroup section */

/* Begin PBXNativeTarget section */
		7FD96E0C2173070800709701 /* LeetCode */ = {
			isa = PBXNativeTarget;
			buildConfigurationList = 7FD96E142173070800709701 /* Build configuration list for PBXNativeTarget "LeetCode" */;
			buildPhases = (
				7FD96E092173070800709701 /* Sources */,
				7FD96E0A2173070800709701 /* Frameworks */,
				7FD96E0B2173070800709701 /* CopyFiles */,
				7FD96E5E2176EDB400709701 /* ShellScript */,
			);
			buildRules = (
			);
			dependencies = (
			);
			name = LeetCode;
			productName = LeetCode;
			productReference = 7FD96E0D2173070800709701 /* LeetCode */;
			productType = "com.apple.product-type.tool";
		};
		7FD96E1E217313C000709701 /* LeetCodeTest */ = {
			isa = PBXNativeTarget;
			buildConfigurationList = 7FD96E24217313C000709701 /* Build configuration list for PBXNativeTarget "LeetCodeTest" */;
			buildPhases = (
				7FD96E1B217313C000709701 /* Sources */,
				7FD96E1C217313C000709701 /* Frameworks */,
				7FD96E1D217313C000709701 /* Resources */,
			);
			buildRules = (
			);
			dependencies = (
			);
			name = LeetCodeTest;
			productName = LeetCodeTest;
			productReference = 7FD96E1F217313C000709701 /* LeetCodeTest.xctest */;
			productType = "com.apple.product-type.bundle.unit-test";
		};
/* End PBXNativeTarget section */

/* Begin PBXProject section */
		7FD96E052173070800709701 /* Project object */ = {
			isa = PBXProject;
			attributes = {
				LastSwiftUpdateCheck = 1000;
				LastUpgradeCheck = 1000;
				ORGANIZATIONNAME = zuping;
				TargetAttributes = {
					7FD96E0C2173070800709701 = {
						CreatedOnToolsVersion = 10.0;
					};
					7FD96E1E217313C000709701 = {
						CreatedOnToolsVersion = 10.0;
					};
				};
			};
			buildConfigurationList = 7FD96E082173070800709701 /* Build configuration list for PBXProject "LeetCode" */;
			compatibilityVersion = "Xcode 9.3";
			developmentRegion = en;
			hasScannedForEncodings = 0;
			knownRegions = (
				en,
			);
			mainGroup = 7FD96E042173070800709701;
			productRefGroup = 7FD96E0E2173070800709701 /* Products */;
			projectDirPath = "";
			projectRoot = "";
			targets = (
				7FD96E0C2173070800709701 /* LeetCode */,
				7FD96E1E217313C000709701 /* LeetCodeTest */,
			);
		};
/* End PBXProject section */

/* Begin PBXResourcesBuildPhase section */
		7FD96E1D217313C000709701 /* Resources */ = {
			isa = PBXResourcesBuildPhase;
			buildActionMask = 2147483647;
			files = (
			);
			runOnlyForDeploymentPostprocessing = 0;
		};
/* End PBXResourcesBuildPhase section */

/* Begin PBXShellScriptBuildPhase section */
		7FD96E5E2176EDB400709701 /* ShellScript */ = {
			isa = PBXShellScriptBuildPhase;
			buildActionMask = 2147483647;
			files = (
			);
			inputPaths = (
			);
			outputPaths = (
			);
			runOnlyForDeploymentPostprocessing = 0;
			shellPath = /bin/sh;
			shellScript = "# Type a script or drag a script file from your workspace to insert its path.\nif which swiftlint >/dev/null; then\nswiftlint\nelse\necho \"warning: SwiftLint not installed, download from https://github.com/realm/SwiftLint\"\nfi\n";
		};
/* End PBXShellScriptBuildPhase section */

/* Begin PBXSourcesBuildPhase section */
		7FD96E092173070800709701 /* Sources */ = {
			isa = PBXSourcesBuildPhase;
			buildActionMask = 2147483647;
			files = (
				7FA4D311217C04EA0089A31B /* Solution153.swift in Sources */,
				7F9DBD50217D76560033671C /* Solution334.swift in Sources */,
				7F281BD72185202200EA1425 /* SolutionBitOperation.swift in Sources */,
				7F281BCD2185174E00EA1425 /* Solution234.swift in Sources */,
				7F6541D92177CDDB00DB2813 /* Solution47.swift in Sources */,
				7F9DBD55217D78BF0033671C /* Solution523.swift in Sources */,
				7FD96EBE217BEC1A00709701 /* Solution530.swift in Sources */,
				7FD96EC4217BFF2C00709701 /* Solution33.swift in Sources */,
				7F3E81E02182AC5800B4661F /* Solution5.swift in Sources */,
				7F9DBD9C218178F50033671C /* Solution647.swift in Sources */,
				7FD96E87217AC08D00709701 /* Solution611.swift in Sources */,
				7F9DBD64217EC70D0033671C /* Solution121.swift in Sources */,
				7FD96EA3217BCDB400709701 /* Solution55.swift in Sources */,
				7F9DBD4B217D70A80033671C /* Solution300.swift in Sources */,
				7FD96E3921742BC700709701 /* Solution557.swift in Sources */,
				7FA4D31B217C12130089A31B /* Solution560.swift in Sources */,
				7F6541CF2177AC7800DB2813 /* Solution31.swift in Sources */,
				7FA4D320217C19A50089A31B /* Solution169.swift in Sources */,
				7F6F04D1217E921700B93A05 /* Solution713.swift in Sources */,
				7F6541D42177B75300DB2813 /* Solution77.swift in Sources */,
				7FD96E7D21799A0C00709701 /* Solution216.swift in Sources */,
				7F9DBD6E217ECC5B0033671C /* Solution220.swift in Sources */,
				7F281BC821850E7700EA1425 /* Solution206.swift in Sources */,
				7FA4D316217C0A420089A31B /* Solution724.swift in Sources */,
				7FD96E552176C38100709701 /* Solution503.swift in Sources */,
				7FD96E322174123700709701 /* Solution344.swift in Sources */,
				7FD96E5A2176DDCE00709701 /* Solution556.swift in Sources */,
				7FD96E9E217AF88C00709701 /* Solution128.swift in Sources */,
				7F281BC32185061600EA1425 /* Solution125.swift in Sources */,
				7FD96E18217308D600709701 /* Solution917.swift in Sources */,
				7FD96E93217AD5D500709701 /* Solution16.swift in Sources */,
				7F281BBE2185012500EA1425 /* Solution78.swift in Sources */,
				7F9DBD872181577B0033671C /* Solution697.swift in Sources */,
				7F00F17B2177FE070025A71E /* Solution717.swift in Sources */,
				7F9DBD5A217EAFBB0033671C /* Solution53.swift in Sources */,
				7F281BD221851CA000EA1425 /* Solution9.swift in Sources */,
				7F00F1762177EB5C0025A71E /* Solution60.swift in Sources */,
				7FD96E4421758CE800709701 /* Solution136.swift in Sources */,
				7FD96EC1217BEC5300709701 /* DataModel.swift in Sources */,
				7F281BB92184F98D00EA1425 /* Solution67.swift in Sources */,
				7F6541B82176836900DB2813 /* Solution645.swift in Sources */,
				7F9DBD94218167BB0033671C /* Solution18.swift in Sources */,
				7FD96E8E217ACF7B00709701 /* Solution15.swift in Sources */,
				7FD96E502176BA2B00709701 /* Solution496.swift in Sources */,
				7FD96E6F21783BE400709701 /* Solution39.swift in Sources */,
				7FD96E112173070800709701 /* main.swift in Sources */,
				7FD96E342174134A00709701 /* Solution541.swift in Sources */,
				7F9DBD8221814FA50033671C /* Solution209.swift in Sources */,
				7FD96E762179878100709701 /* Solution40.swift in Sources */,
				7FD96EB5217BE7DF00709701 /* Solution118.swift in Sources */,
				7FD96EB0217BE4A100709701 /* Solution532.swift in Sources */,
				7FD96E3E2174D94B00709701 /* Solution389.swift in Sources */,
				7F3E81EA2182BB8A00B4661F /* Solution242.swift in Sources */,
				7FD96E2C217315D800709701 /* Solution345.swift in Sources */,
				7F9DBD46217D69370033671C /* Solution673.swift in Sources */,
				7F9DBD69217ECADF0033671C /* Solution122.swift in Sources */,
				7FD96E602178276A00709701 /* Solution89.swift in Sources */,
				7F6541C82177A59000DB2813 /* Solution46.swift in Sources */,
				7FD96E6521782B6600709701 /* Solution49.swift in Sources */,
				7FD96E4A21759C1F00709701 /* Solution137.swift in Sources */,
				7F3E81ED2182BE1200B4661F /* Solution516.swift in Sources */,
				7F6F04CC217E8AA300B93A05 /* Solution524.swift in Sources */,
				7FD96E6A217836C600709701 /* Solution260.swift in Sources */,
				7F6541C22176964A00DB2813 /* Solution739.swift in Sources */,
				7FD96E482175903000709701 /* Solution287.swift in Sources */,
				7F6541BD21768CF000DB2813 /* Solution299.swift in Sources */,
				7F6F04C7217E836B00B93A05 /* Solution720.swift in Sources */,
				7F3E81F22182C78C00B4661F /* Solution621.swift in Sources */,
				7F9DBD8C21815FF40033671C /* Solution840.swift in Sources */,
				7F3E81E52182B9CC00B4661F /* Solution266.swift in Sources */,
				7F9DBD41217D67390033671C /* Solution674.swift in Sources */,
				7FD96E82217ABA0100709701 /* Solution377.swift in Sources */,
				7F9DBD73218027CF0033671C /* Solution217.swift in Sources */,
				7FD96E4621758F5700709701 /* Solution268.swift in Sources */,
				7F9DBD78218029AF0033671C /* Solution219.swift in Sources */,
				7FD96EA8217BD56500709701 /* Solution45.swift in Sources */,
				7F9DBD5F217EB7600033671C /* Solution152.swift in Sources */,
				7FA4D325217C1B2A0089A31B /* Solution229.swift in Sources */,
				7FD96E99217AEBE500709701 /* Solution561.swift in Sources */,
				7F9DBD7D21802C1E0033671C /* Solution718.swift in Sources */,
			);
			runOnlyForDeploymentPostprocessing = 0;
		};
		7FD96E1B217313C000709701 /* Sources */ = {
			isa = PBXSourcesBuildPhase;
			buildActionMask = 2147483647;
			files = (
				7F281BC921850E7B00EA1425 /* Solution206.swift in Sources */,
				7F9DBD71217ED12A0033671C /* Solution220Test.swift in Sources */,
				7F6541BA2176843A00DB2813 /* Solution645Test.swift in Sources */,
				7FA4D319217C0EB30089A31B /* Solution724Test.swift in Sources */,
				7FD96E572176C5E400709701 /* Solution503Test.swift in Sources */,
				7F6541BF2176906A00DB2813 /* Solution299Test.swift in Sources */,
				7F9DBD882181577B0033671C /* Solution697.swift in Sources */,
				7F3E81EE2182BE1200B4661F /* Solution516.swift in Sources */,
				7F6541BB2176844400DB2813 /* Solution645.swift in Sources */,
				7FD96E4C21759D8A00709701 /* Solution137Test.swift in Sources */,
				7F9DBD58217D7A9B0033671C /* Solution523Test.swift in Sources */,
				7FD96E5D2176E14E00709701 /* Solution556.swift in Sources */,
				7FD96EC2217BEC5300709701 /* DataModel.swift in Sources */,
				7FD96E85217ABB4B00709701 /* Solution377Test.swift in Sources */,
				7FD96EB1217BE4A100709701 /* Solution532.swift in Sources */,
				7F9DBD92218164E00033671C /* Solution840Test.swift in Sources */,
				7FD96E7F21799B7600709701 /* Solution216Test.swift in Sources */,
				7FD96EA1217B00C500709701 /* Solution128Test.swift in Sources */,
				7F281BC02185042500EA1425 /* Solution78Test.swift in Sources */,
				7FA4D323217C1A560089A31B /* Solution169Test.swift in Sources */,
				7F9DBD5D217EB2CE0033671C /* Solution53Test.swift in Sources */,
				7F3E81E12182AC5800B4661F /* Solution5.swift in Sources */,
				7FD96E6D2178383F00709701 /* Solution260.swift in Sources */,
				7FA4D326217C1B2A0089A31B /* Solution229.swift in Sources */,
				7F6F04CF217E8DA300B93A05 /* Solution524Test.swift in Sources */,
				7F00F1782177F08E0025A71E /* Solution60Test.swift in Sources */,
				7F9DBD9D218178F50033671C /* Solution647.swift in Sources */,
				7FD96E5C2176E13A00709701 /* Solution556Test.swift in Sources */,
				7FD96E3C217455DF00709701 /* Solution557.swift in Sources */,
				7F9DBD5B217EAFBB0033671C /* Solution53.swift in Sources */,
				7F6541D22177AE5700DB2813 /* Solution31.swift in Sources */,
				7F6541D12177AE4C00DB2813 /* Solution31Test.swift in Sources */,
				7F9DBD6A217ECADF0033671C /* Solution122.swift in Sources */,
				7FD96E2A217314CA00709701 /* Solution917.swift in Sources */,
				7F9DBD67217EC7F50033671C /* Solution121Test.swift in Sources */,
				7F6F04C8217E836B00B93A05 /* Solution720.swift in Sources */,
				7F00F17D2178002A0025A71E /* Solution717Test.swift in Sources */,
				7FD96E7B2179949300709701 /* Solution40Test.swift in Sources */,
				7F3E81EB2182BB8A00B4661F /* Solution242.swift in Sources */,
				7FD96E3621741FA200709701 /* Solution541Test.swift in Sources */,
				7FD96E402174DBAF00709701 /* Solution389Test.swift in Sources */,
				7FD96E2E217316D900709701 /* Solution345Test.swift in Sources */,
				7FD96EBC217BE99300709701 /* Solution118Test.swift in Sources */,
				7F9DBD6C217ECB2F0033671C /* Solution122Test.swift in Sources */,
				7FD96E582176C5F300709701 /* Solution503.swift in Sources */,
				7F9DBD4C217D70A80033671C /* Solution300.swift in Sources */,
				7FD96E6721782F4500709701 /* Solution49Test.swift in Sources */,
				7F281BCB218510E600EA1425 /* Solution206Test.swift in Sources */,
				7FD96E422174DBEE00709701 /* Solution389.swift in Sources */,
				7F9DBD56217D78BF0033671C /* Solution523.swift in Sources */,
				7F9DBD51217D76560033671C /* Solution334.swift in Sources */,
				7F9DBD85218152620033671C /* Solution209Test.swift in Sources */,
				7F9DBD6F217ECC5B0033671C /* Solution220.swift in Sources */,
				7FD96E7021783BE800709701 /* Solution39.swift in Sources */,
				7F6F04CD217E8AA300B93A05 /* Solution524.swift in Sources */,
				7FA4D31E217C15050089A31B /* Solution560Test.swift in Sources */,
				7F281BBC2184FF3200EA1425 /* Solution67.swift in Sources */,
				7FD96E9F217AF88C00709701 /* Solution128.swift in Sources */,
				7F6F04D2217E921700B93A05 /* Solution713.swift in Sources */,
				7F6541CB2177A9B900DB2813 /* Solution46.swift in Sources */,
				7FD96E292173142700709701 /* Solution917Test.swift in Sources */,
				7FD96E4D21759DAE00709701 /* Solution137.swift in Sources */,
				7F6F04CA217E863F00B93A05 /* Solution720Test.swift in Sources */,
				7F281BC6218506CE00EA1425 /* Solution125Test.swift in Sources */,
				7F6F04D4217E92DB00B93A05 /* Solution713Test.swift in Sources */,
				7FD96E9B217AECAC00709701 /* Solution561Test.swift in Sources */,
				7FD96E91217AD22000709701 /* Solution15.swift in Sources */,
				7F281BCE2185175200EA1425 /* Solution234.swift in Sources */,
				7F9DBD74218027CF0033671C /* Solution217.swift in Sources */,
				7FA4D314217C06100089A31B /* Solution153Test.swift in Sources */,
				7F281BD021851A4D00EA1425 /* Solution234Test.swift in Sources */,
				7F6541D72177B8A600DB2813 /* Solution77.swift in Sources */,
				7FD96E522176BD4600709701 /* Solution496Test.swift in Sources */,
				7F9DBD8D21815FF40033671C /* Solution840.swift in Sources */,
				7F9DBD9A21816B8D0033671C /* Solution18Test.swift in Sources */,
				7F00F17E2178003A0025A71E /* Solution717.swift in Sources */,
				7F3E81F02182BF5E00B4661F /* Solution516Test.swift in Sources */,
				7FD96EA6217BCED200709701 /* Solution55Test.swift in Sources */,
				7FA4D321217C19A50089A31B /* Solution169.swift in Sources */,
				7FA4D30F217C022C0089A31B /* Solution33Test.swift in Sources */,
				7F9DBD4E217D71C30033671C /* Solution300Test.swift in Sources */,
				7F9DBD8A218159C90033671C /* Solution697Test.swift in Sources */,
				7F3E81E82182BA7C00B4661F /* Solution266Test.swift in Sources */,
				7F9DBD49217D6F380033671C /* Solution673Test.swift in Sources */,
				7FD96EC5217BFF2C00709701 /* Solution33.swift in Sources */,
				7F6541DD2177CF7D00DB2813 /* Solution47.swift in Sources */,
				7F9DBD65217EC70D0033671C /* Solution121.swift in Sources */,
				7FD96E2F217316F800709701 /* Solution345.swift in Sources */,
				7F9DBD79218029AF0033671C /* Solution219.swift in Sources */,
				7FD96E96217AD7E400709701 /* Solution16Test.swift in Sources */,
				7F9DBD9F21817C210033671C /* Solution647Test.swift in Sources */,
				7FD96E6C2178383800709701 /* Solution260Test.swift in Sources */,
				7F9DBD8321814FA50033671C /* Solution209.swift in Sources */,
				7F9DBD80218035990033671C /* Solution718Test.swift in Sources */,
				7FD96E88217AC2AA00709701 /* Solution611.swift in Sources */,
				7FD96E3721741FE800709701 /* Solution541.swift in Sources */,
				7F9DBD53217D784B0033671C /* Solution334Test.swift in Sources */,
				7F281BC42185061900EA1425 /* Solution125.swift in Sources */,
				7F6541DB2177CF4B00DB2813 /* Solution47Test.swift in Sources */,
				7FD96E7921798B8100709701 /* Solution40.swift in Sources */,
				7F9DBD7E21802C1E0033671C /* Solution718.swift in Sources */,
				7FA4D312217C04EA0089A31B /* Solution153.swift in Sources */,
				7FD96EA4217BCDB400709701 /* Solution55.swift in Sources */,
				7FA4D31C217C12130089A31B /* Solution560.swift in Sources */,
				7F9DBD62217EBFC80033671C /* Solution152Test.swift in Sources */,
				7F281BD321851CA000EA1425 /* Solution9.swift in Sources */,
				7F9DBD7B21802B0E0033671C /* Solution219Test.swift in Sources */,
				7FD96E9C217AECD400709701 /* Solution561.swift in Sources */,
				7F3E81E32182AEE700B4661F /* Solution5Test.swift in Sources */,
				7F281BBB2184FEFD00EA1425 /* Solution67Test.swift in Sources */,
				7FD96E8021799B9D00709701 /* Solution216.swift in Sources */,
				7FD96E94217AD5D800709701 /* Solution16.swift in Sources */,
				7F6541D62177B87400DB2813 /* Solution77Test.swift in Sources */,
				7F6541C52176973700DB2813 /* Solution739.swift in Sources */,
				7FD96EBF217BEC1A00709701 /* Solution530.swift in Sources */,
				7FD96EB3217BE53A00709701 /* Solution532Test.swift in Sources */,
				7F9DBD44217D68260033671C /* Solution674Test.swift in Sources */,
				7F3E81E62182B9CC00B4661F /* Solution266.swift in Sources */,
				7F281BC12185043300EA1425 /* Solution78.swift in Sources */,
				7FD96EA9217BD56500709701 /* Solution45.swift in Sources */,
				7F281BD82185202200EA1425 /* SolutionBitOperation.swift in Sources */,
				7F9DBD60217EB7600033671C /* Solution152.swift in Sources */,
				7F281BDA218520BF00EA1425 /* SolutionBitOperationTest.swift in Sources */,
				7FD96E90217AD21200709701 /* Solution15Test.swift in Sources */,
				7FD96E83217ABB3500709701 /* Solution377.swift in Sources */,
				7F6541CD2177A9D000DB2813 /* Solution46Test.swift in Sources */,
				7FD96E7421783E4F00709701 /* Solution39Test.swift in Sources */,
				7FD96E6821782F7100709701 /* Solution49.swift in Sources */,
				7FD96E3B217455C200709701 /* Solution557Test.swift in Sources */,
				7FD96E532176BD6200709701 /* Solution496.swift in Sources */,
				7FD96EB6217BE7DF00709701 /* Solution118.swift in Sources */,
				7FD96E8C217AC2D400709701 /* Solution611Test.swift in Sources */,
				7F00F1792177F0B00025A71E /* Solution60.swift in Sources */,
				7F6541C02176907100DB2813 /* Solution299.swift in Sources */,
				7FA4D32B217C1F110089A31B /* Solution229Test.swift in Sources */,
				7FD96E62217828CE00709701 /* Solution89Test.swift in Sources */,
				7F281BD521851D8600EA1425 /* Solution9Test.swift in Sources */,
				7F9DBD95218167BB0033671C /* Solution18.swift in Sources */,
				7F9DBD42217D67390033671C /* Solution674.swift in Sources */,
				7F3E81F32182C78C00B4661F /* Solution621.swift in Sources */,
				7FD96EAE217BD5D000709701 /* Solution45Test.swift in Sources */,
				7F6541C42176971F00DB2813 /* Solution739Test.swift in Sources */,
				7FD96E22217313C000709701 /* LeetCodeTest.swift in Sources */,
				7F9DBD762180288D0033671C /* Solution217Test.swift in Sources */,
				7F3E81F52182C92900B4661F /* Solution621Test.swift in Sources */,
				7FA4D317217C0A420089A31B /* Solution724.swift in Sources */,
				7FD96E632178290200709701 /* Solution89.swift in Sources */,
				7F9DBD47217D69370033671C /* Solution673.swift in Sources */,
			);
			runOnlyForDeploymentPostprocessing = 0;
		};
/* End PBXSourcesBuildPhase section */

/* Begin XCBuildConfiguration section */
		7FD96E122173070800709701 /* Debug */ = {
			isa = XCBuildConfiguration;
			buildSettings = {
				ALWAYS_SEARCH_USER_PATHS = NO;
				CLANG_ANALYZER_NONNULL = YES;
				CLANG_ANALYZER_NUMBER_OBJECT_CONVERSION = YES_AGGRESSIVE;
				CLANG_CXX_LANGUAGE_STANDARD = "gnu++14";
				CLANG_CXX_LIBRARY = "libc++";
				CLANG_ENABLE_MODULES = YES;
				CLANG_ENABLE_OBJC_ARC = YES;
				CLANG_ENABLE_OBJC_WEAK = YES;
				CLANG_WARN_BLOCK_CAPTURE_AUTORELEASING = YES;
				CLANG_WARN_BOOL_CONVERSION = YES;
				CLANG_WARN_COMMA = YES;
				CLANG_WARN_CONSTANT_CONVERSION = YES;
				CLANG_WARN_DEPRECATED_OBJC_IMPLEMENTATIONS = YES;
				CLANG_WARN_DIRECT_OBJC_ISA_USAGE = YES_ERROR;
				CLANG_WARN_DOCUMENTATION_COMMENTS = YES;
				CLANG_WARN_EMPTY_BODY = YES;
				CLANG_WARN_ENUM_CONVERSION = YES;
				CLANG_WARN_INFINITE_RECURSION = YES;
				CLANG_WARN_INT_CONVERSION = YES;
				CLANG_WARN_NON_LITERAL_NULL_CONVERSION = YES;
				CLANG_WARN_OBJC_IMPLICIT_RETAIN_SELF = YES;
				CLANG_WARN_OBJC_LITERAL_CONVERSION = YES;
				CLANG_WARN_OBJC_ROOT_CLASS = YES_ERROR;
				CLANG_WARN_RANGE_LOOP_ANALYSIS = YES;
				CLANG_WARN_STRICT_PROTOTYPES = YES;
				CLANG_WARN_SUSPICIOUS_MOVE = YES;
				CLANG_WARN_UNGUARDED_AVAILABILITY = YES_AGGRESSIVE;
				CLANG_WARN_UNREACHABLE_CODE = YES;
				CLANG_WARN__DUPLICATE_METHOD_MATCH = YES;
				CODE_SIGN_IDENTITY = "-";
				COPY_PHASE_STRIP = NO;
				DEBUG_INFORMATION_FORMAT = dwarf;
				ENABLE_STRICT_OBJC_MSGSEND = YES;
				ENABLE_TESTABILITY = YES;
				GCC_C_LANGUAGE_STANDARD = gnu11;
				GCC_DYNAMIC_NO_PIC = NO;
				GCC_NO_COMMON_BLOCKS = YES;
				GCC_OPTIMIZATION_LEVEL = 0;
				GCC_PREPROCESSOR_DEFINITIONS = (
					"DEBUG=1",
					"$(inherited)",
				);
				GCC_WARN_64_TO_32_BIT_CONVERSION = YES;
				GCC_WARN_ABOUT_RETURN_TYPE = YES_ERROR;
				GCC_WARN_UNDECLARED_SELECTOR = YES;
				GCC_WARN_UNINITIALIZED_AUTOS = YES_AGGRESSIVE;
				GCC_WARN_UNUSED_FUNCTION = YES;
				GCC_WARN_UNUSED_VARIABLE = YES;
				MACOSX_DEPLOYMENT_TARGET = 10.13;
				MTL_ENABLE_DEBUG_INFO = INCLUDE_SOURCE;
				MTL_FAST_MATH = YES;
				ONLY_ACTIVE_ARCH = YES;
				SDKROOT = macosx;
				SWIFT_ACTIVE_COMPILATION_CONDITIONS = DEBUG;
				SWIFT_OPTIMIZATION_LEVEL = "-Onone";
			};
			name = Debug;
		};
		7FD96E132173070800709701 /* Release */ = {
			isa = XCBuildConfiguration;
			buildSettings = {
				ALWAYS_SEARCH_USER_PATHS = NO;
				CLANG_ANALYZER_NONNULL = YES;
				CLANG_ANALYZER_NUMBER_OBJECT_CONVERSION = YES_AGGRESSIVE;
				CLANG_CXX_LANGUAGE_STANDARD = "gnu++14";
				CLANG_CXX_LIBRARY = "libc++";
				CLANG_ENABLE_MODULES = YES;
				CLANG_ENABLE_OBJC_ARC = YES;
				CLANG_ENABLE_OBJC_WEAK = YES;
				CLANG_WARN_BLOCK_CAPTURE_AUTORELEASING = YES;
				CLANG_WARN_BOOL_CONVERSION = YES;
				CLANG_WARN_COMMA = YES;
				CLANG_WARN_CONSTANT_CONVERSION = YES;
				CLANG_WARN_DEPRECATED_OBJC_IMPLEMENTATIONS = YES;
				CLANG_WARN_DIRECT_OBJC_ISA_USAGE = YES_ERROR;
				CLANG_WARN_DOCUMENTATION_COMMENTS = YES;
				CLANG_WARN_EMPTY_BODY = YES;
				CLANG_WARN_ENUM_CONVERSION = YES;
				CLANG_WARN_INFINITE_RECURSION = YES;
				CLANG_WARN_INT_CONVERSION = YES;
				CLANG_WARN_NON_LITERAL_NULL_CONVERSION = YES;
				CLANG_WARN_OBJC_IMPLICIT_RETAIN_SELF = YES;
				CLANG_WARN_OBJC_LITERAL_CONVERSION = YES;
				CLANG_WARN_OBJC_ROOT_CLASS = YES_ERROR;
				CLANG_WARN_RANGE_LOOP_ANALYSIS = YES;
				CLANG_WARN_STRICT_PROTOTYPES = YES;
				CLANG_WARN_SUSPICIOUS_MOVE = YES;
				CLANG_WARN_UNGUARDED_AVAILABILITY = YES_AGGRESSIVE;
				CLANG_WARN_UNREACHABLE_CODE = YES;
				CLANG_WARN__DUPLICATE_METHOD_MATCH = YES;
				CODE_SIGN_IDENTITY = "-";
				COPY_PHASE_STRIP = NO;
				DEBUG_INFORMATION_FORMAT = "dwarf-with-dsym";
				ENABLE_NS_ASSERTIONS = NO;
				ENABLE_STRICT_OBJC_MSGSEND = YES;
				GCC_C_LANGUAGE_STANDARD = gnu11;
				GCC_NO_COMMON_BLOCKS = YES;
				GCC_WARN_64_TO_32_BIT_CONVERSION = YES;
				GCC_WARN_ABOUT_RETURN_TYPE = YES_ERROR;
				GCC_WARN_UNDECLARED_SELECTOR = YES;
				GCC_WARN_UNINITIALIZED_AUTOS = YES_AGGRESSIVE;
				GCC_WARN_UNUSED_FUNCTION = YES;
				GCC_WARN_UNUSED_VARIABLE = YES;
				MACOSX_DEPLOYMENT_TARGET = 10.13;
				MTL_ENABLE_DEBUG_INFO = NO;
				MTL_FAST_MATH = YES;
				SDKROOT = macosx;
				SWIFT_COMPILATION_MODE = wholemodule;
				SWIFT_OPTIMIZATION_LEVEL = "-O";
			};
			name = Release;
		};
		7FD96E152173070800709701 /* Debug */ = {
			isa = XCBuildConfiguration;
			buildSettings = {
				CODE_SIGN_STYLE = Automatic;
				PRODUCT_NAME = "$(TARGET_NAME)";
				SWIFT_VERSION = 4.2;
			};
			name = Debug;
		};
		7FD96E162173070800709701 /* Release */ = {
			isa = XCBuildConfiguration;
			buildSettings = {
				CODE_SIGN_STYLE = Automatic;
				PRODUCT_NAME = "$(TARGET_NAME)";
				SWIFT_VERSION = 4.2;
			};
			name = Release;
		};
		7FD96E25217313C000709701 /* Debug */ = {
			isa = XCBuildConfiguration;
			buildSettings = {
				CODE_SIGN_STYLE = Automatic;
				COMBINE_HIDPI_IMAGES = YES;
				INFOPLIST_FILE = LeetCodeTest/Info.plist;
				LD_RUNPATH_SEARCH_PATHS = (
					"$(inherited)",
					"@executable_path/../Frameworks",
					"@loader_path/../Frameworks",
				);
				PRODUCT_BUNDLE_IDENTIFIER = Zenki.LeetCodeTest;
				PRODUCT_NAME = "$(TARGET_NAME)";
				SWIFT_VERSION = 4.2;
			};
			name = Debug;
		};
		7FD96E26217313C000709701 /* Release */ = {
			isa = XCBuildConfiguration;
			buildSettings = {
				CODE_SIGN_STYLE = Automatic;
				COMBINE_HIDPI_IMAGES = YES;
				INFOPLIST_FILE = LeetCodeTest/Info.plist;
				LD_RUNPATH_SEARCH_PATHS = (
					"$(inherited)",
					"@executable_path/../Frameworks",
					"@loader_path/../Frameworks",
				);
				PRODUCT_BUNDLE_IDENTIFIER = Zenki.LeetCodeTest;
				PRODUCT_NAME = "$(TARGET_NAME)";
				SWIFT_VERSION = 4.2;
			};
			name = Release;
		};
/* End XCBuildConfiguration section */

/* Begin XCConfigurationList section */
		7FD96E082173070800709701 /* Build configuration list for PBXProject "LeetCode" */ = {
			isa = XCConfigurationList;
			buildConfigurations = (
				7FD96E122173070800709701 /* Debug */,
				7FD96E132173070800709701 /* Release */,
			);
			defaultConfigurationIsVisible = 0;
			defaultConfigurationName = Release;
		};
		7FD96E142173070800709701 /* Build configuration list for PBXNativeTarget "LeetCode" */ = {
			isa = XCConfigurationList;
			buildConfigurations = (
				7FD96E152173070800709701 /* Debug */,
				7FD96E162173070800709701 /* Release */,
			);
			defaultConfigurationIsVisible = 0;
			defaultConfigurationName = Release;
		};
		7FD96E24217313C000709701 /* Build configuration list for PBXNativeTarget "LeetCodeTest" */ = {
			isa = XCConfigurationList;
			buildConfigurations = (
				7FD96E25217313C000709701 /* Debug */,
				7FD96E26217313C000709701 /* Release */,
			);
			defaultConfigurationIsVisible = 0;
			defaultConfigurationName = Release;
		};
/* End XCConfigurationList section */
	};
	rootObject = 7FD96E052173070800709701 /* Project object */;
}
